# THIS IS AN AUTOGENERATED FILE. DO NOT EDIT THIS FILE DIRECTLY.
# yarn lockfile v1


"@noble/curves@^1.3.0":
  version "1.4.0"
  resolved "https://registry.yarnpkg.com/@noble/curves/-/curves-1.4.0.tgz#f05771ef64da724997f69ee1261b2417a49522d6"
  integrity sha512-p+4cb332SFCrReJkCYe8Xzm0OWi4Jji5jVdIZRL/PmacmDkFNw6MrrV+gGpiPxLHbV+zKFRywUWbaseT+tZRXg==
  dependencies:
    "@noble/hashes" "1.4.0"

"@noble/hashes@1.4.0", "@noble/hashes@^1.3.1", "@noble/hashes@^1.3.3":
  version "1.4.0"
  resolved "https://registry.yarnpkg.com/@noble/hashes/-/hashes-1.4.0.tgz#45814aa329f30e4fe0ba49426f49dfccdd066426"
  integrity sha512-V1JJ1WTRUqHHrOSh597hURcMqVKVGL/ea3kv0gSnEdsEZ0/+VyPghM1lMNGc00z7CIQorSvbKpuJkxvuHbvdbg==

"@polkadot-api/json-rpc-provider-proxy@0.0.1":
  version "0.0.1"
  resolved "https://registry.yarnpkg.com/@polkadot-api/json-rpc-provider-proxy/-/json-rpc-provider-proxy-0.0.1.tgz#bb5c943642cdf0ec7bc48c0a2647558b9fcd7bdb"
  integrity sha512-gmVDUP8LpCH0BXewbzqXF2sdHddq1H1q+XrAW2of+KZj4woQkIGBRGTJHeBEVHe30EB+UejR1N2dT4PO/RvDdg==

"@polkadot-api/json-rpc-provider@0.0.1":
  version "0.0.1"
  resolved "https://registry.yarnpkg.com/@polkadot-api/json-rpc-provider/-/json-rpc-provider-0.0.1.tgz#333645d40ccd9bccfd1f32503f17e4e63e76e297"
  integrity sha512-/SMC/l7foRjpykLTUTacIH05H3mr9ip8b5xxfwXlVezXrNVLp3Cv0GX6uItkKd+ZjzVPf3PFrDF2B2/HLSNESA==

"@polkadot-api/metadata-builders@0.0.1":
  version "0.0.1"
  resolved "https://registry.yarnpkg.com/@polkadot-api/metadata-builders/-/metadata-builders-0.0.1.tgz#a76b48febef9ea72be8273d889e2677101045a05"
  integrity sha512-GCI78BHDzXAF/L2pZD6Aod/yl82adqQ7ftNmKg51ixRL02JpWUA+SpUKTJE5MY1p8kiJJIo09P2um24SiJHxNA==
  dependencies:
    "@polkadot-api/substrate-bindings" "0.0.1"
    "@polkadot-api/utils" "0.0.1"

"@polkadot-api/observable-client@0.1.0":
  version "0.1.0"
  resolved "https://registry.yarnpkg.com/@polkadot-api/observable-client/-/observable-client-0.1.0.tgz#472045ea06a2bc4bccdc2db5c063eadcbf6f5351"
  integrity sha512-GBCGDRztKorTLna/unjl/9SWZcRmvV58o9jwU2Y038VuPXZcr01jcw/1O3x+yeAuwyGzbucI/mLTDa1QoEml3A==
  dependencies:
    "@polkadot-api/metadata-builders" "0.0.1"
    "@polkadot-api/substrate-bindings" "0.0.1"
    "@polkadot-api/substrate-client" "0.0.1"
    "@polkadot-api/utils" "0.0.1"

"@polkadot-api/substrate-bindings@0.0.1":
  version "0.0.1"
  resolved "https://registry.yarnpkg.com/@polkadot-api/substrate-bindings/-/substrate-bindings-0.0.1.tgz#c4b7f4d6c3672d2c15cbc6c02964f014b73cbb0b"
  integrity sha512-bAe7a5bOPnuFVmpv7y4BBMRpNTnMmE0jtTqRUw/+D8ZlEHNVEJQGr4wu3QQCl7k1GnSV1wfv3mzIbYjErEBocg==
  dependencies:
    "@noble/hashes" "^1.3.1"
    "@polkadot-api/utils" "0.0.1"
    "@scure/base" "^1.1.1"
    scale-ts "^1.6.0"

"@polkadot-api/substrate-client@0.0.1":
  version "0.0.1"
  resolved "https://registry.yarnpkg.com/@polkadot-api/substrate-client/-/substrate-client-0.0.1.tgz#0e8010a0abe2fb47d6fa7ab94e45e1d0de083314"
  integrity sha512-9Bg9SGc3AwE+wXONQoW8GC00N3v6lCZLW74HQzqB6ROdcm5VAHM4CB/xRzWSUF9CXL78ugiwtHx3wBcpx4H4Wg==

"@polkadot-api/utils@0.0.1":
  version "0.0.1"
  resolved "https://registry.yarnpkg.com/@polkadot-api/utils/-/utils-0.0.1.tgz#908b22becac705149d7cc946532143d0fb003bfc"
  integrity sha512-3j+pRmlF9SgiYDabSdZsBSsN5XHbpXOAce1lWj56IEEaFZVjsiCaxDOA7C9nCcgfVXuvnbxqqEGQvnY+QfBAUw==

"@polkadot/api-augment@11.3.1":
  version "11.3.1"
  resolved "https://registry.yarnpkg.com/@polkadot/api-augment/-/api-augment-11.3.1.tgz#c7deeac438b017613e244c25505216a9d4c3977e"
  integrity sha512-Yj+6rb6h0WwY3yJ+UGhjGW+tyMRFUMsKQuGw+eFsXdjiNU9UoXsAqA2dG7Q1F+oeX/g+y2gLGBezNoCwbl6HfA==
  dependencies:
    "@polkadot/api-base" "11.3.1"
    "@polkadot/rpc-augment" "11.3.1"
    "@polkadot/types" "11.3.1"
    "@polkadot/types-augment" "11.3.1"
    "@polkadot/types-codec" "11.3.1"
    "@polkadot/util" "^12.6.2"
    tslib "^2.6.2"

"@polkadot/api-base@11.3.1":
  version "11.3.1"
  resolved "https://registry.yarnpkg.com/@polkadot/api-base/-/api-base-11.3.1.tgz#6c74c88d4a4b3d22344bb8715a135493f5a3dd33"
  integrity sha512-b8UkNL00NN7+3QaLCwL5cKg+7YchHoKCAhwKusWHNBZkkO6Oo2BWilu0dZkPJOyqV9P389Kbd9+oH+SKs9u2VQ==
  dependencies:
    "@polkadot/rpc-core" "11.3.1"
    "@polkadot/types" "11.3.1"
    "@polkadot/util" "^12.6.2"
    rxjs "^7.8.1"
    tslib "^2.6.2"

"@polkadot/api-derive@11.3.1":
  version "11.3.1"
  resolved "https://registry.yarnpkg.com/@polkadot/api-derive/-/api-derive-11.3.1.tgz#3617655b6dab56d5beb8efbf7383ab457370df35"
  integrity sha512-9dopzrh4cRuft1nANmBvMY/hEhFDu0VICMTOGxQLOl8NMfcOFPTLAN0JhSBUoicGZhV+c4vpv01NBx/7/IL1HA==
  dependencies:
    "@polkadot/api" "11.3.1"
    "@polkadot/api-augment" "11.3.1"
    "@polkadot/api-base" "11.3.1"
    "@polkadot/rpc-core" "11.3.1"
    "@polkadot/types" "11.3.1"
    "@polkadot/types-codec" "11.3.1"
    "@polkadot/util" "^12.6.2"
    "@polkadot/util-crypto" "^12.6.2"
    rxjs "^7.8.1"
    tslib "^2.6.2"

"@polkadot/api@11.3.1", "@polkadot/api@^11.3.1":
  version "11.3.1"
  resolved "https://registry.yarnpkg.com/@polkadot/api/-/api-11.3.1.tgz#6092aea8147ea03873b3f383cceae0390a67f71d"
  integrity sha512-q4kFIIHTLvKxM24b0Eo8hJevsPMme+aITJGrDML9BgdZYTRN14+cu5nXiCsQvaEamdyYj+uCXWe2OV9X7pPxsA==
  dependencies:
    "@polkadot/api-augment" "11.3.1"
    "@polkadot/api-base" "11.3.1"
    "@polkadot/api-derive" "11.3.1"
    "@polkadot/keyring" "^12.6.2"
    "@polkadot/rpc-augment" "11.3.1"
    "@polkadot/rpc-core" "11.3.1"
    "@polkadot/rpc-provider" "11.3.1"
    "@polkadot/types" "11.3.1"
    "@polkadot/types-augment" "11.3.1"
    "@polkadot/types-codec" "11.3.1"
    "@polkadot/types-create" "11.3.1"
    "@polkadot/types-known" "11.3.1"
    "@polkadot/util" "^12.6.2"
    "@polkadot/util-crypto" "^12.6.2"
    eventemitter3 "^5.0.1"
    rxjs "^7.8.1"
    tslib "^2.6.2"

"@polkadot/keyring@^12.6.2":
  version "12.6.2"
  resolved "https://registry.yarnpkg.com/@polkadot/keyring/-/keyring-12.6.2.tgz#6067e6294fee23728b008ac116e7e9db05cecb9b"
  integrity sha512-O3Q7GVmRYm8q7HuB3S0+Yf/q/EB2egKRRU3fv9b3B7V+A52tKzA+vIwEmNVaD1g5FKW9oB97rmpggs0zaKFqHw==
  dependencies:
    "@polkadot/util" "12.6.2"
    "@polkadot/util-crypto" "12.6.2"
    tslib "^2.6.2"

"@polkadot/networks@12.6.2", "@polkadot/networks@^12.6.2":
  version "12.6.2"
  resolved "https://registry.yarnpkg.com/@polkadot/networks/-/networks-12.6.2.tgz#791779fee1d86cc5b6cd371858eea9b7c3f8720d"
  integrity sha512-1oWtZm1IvPWqvMrldVH6NI2gBoCndl5GEwx7lAuQWGr7eNL+6Bdc5K3Z9T0MzFvDGoi2/CBqjX9dRKo39pDC/w==
  dependencies:
    "@polkadot/util" "12.6.2"
    "@substrate/ss58-registry" "^1.44.0"
    tslib "^2.6.2"

"@polkadot/rpc-augment@11.3.1":
  version "11.3.1"
  resolved "https://registry.yarnpkg.com/@polkadot/rpc-augment/-/rpc-augment-11.3.1.tgz#b589ef5b7ab578cf274077604543071ce9889301"
  integrity sha512-2PaDcKNju4QYQpxwVkWbRU3M0t340nMX9cMo+8awgvgL1LliV/fUDZueMKLuSS910JJMTPQ7y2pK4eQgMt08gQ==
  dependencies:
    "@polkadot/rpc-core" "11.3.1"
    "@polkadot/types" "11.3.1"
    "@polkadot/types-codec" "11.3.1"
    "@polkadot/util" "^12.6.2"
    tslib "^2.6.2"

"@polkadot/rpc-core@11.3.1":
  version "11.3.1"
  resolved "https://registry.yarnpkg.com/@polkadot/rpc-core/-/rpc-core-11.3.1.tgz#c23e23ee5c403c4edb207d603ae4dc16e69bc710"
  integrity sha512-KKNepsDd/mpmXcA6v/h14eFFPEzLGd7nrvx2UUXUxoZ0Fq2MH1hplP3s93k1oduNY/vOXJR2K9S4dKManA6GVQ==
  dependencies:
    "@polkadot/rpc-augment" "11.3.1"
    "@polkadot/rpc-provider" "11.3.1"
    "@polkadot/types" "11.3.1"
    "@polkadot/util" "^12.6.2"
    rxjs "^7.8.1"
    tslib "^2.6.2"

"@polkadot/rpc-provider@11.3.1":
  version "11.3.1"
  resolved "https://registry.yarnpkg.com/@polkadot/rpc-provider/-/rpc-provider-11.3.1.tgz#1d1289bf42d065b5f04f9baa46ef90d96940819e"
  integrity sha512-pqERChoHo45hd3WAgW8UuzarRF+G/o/eXEbl0PXLubiayw4X4qCmIzmtntUcKYgxGNcYGZaG87ZU8OjN97m6UA==
  dependencies:
    "@polkadot/keyring" "^12.6.2"
    "@polkadot/types" "11.3.1"
    "@polkadot/types-support" "11.3.1"
    "@polkadot/util" "^12.6.2"
    "@polkadot/util-crypto" "^12.6.2"
    "@polkadot/x-fetch" "^12.6.2"
    "@polkadot/x-global" "^12.6.2"
    "@polkadot/x-ws" "^12.6.2"
    eventemitter3 "^5.0.1"
    mock-socket "^9.3.1"
    nock "^13.5.0"
    tslib "^2.6.2"
  optionalDependencies:
    "@substrate/connect" "0.8.10"

"@polkadot/types-augment@11.3.1":
  version "11.3.1"
  resolved "https://registry.yarnpkg.com/@polkadot/types-augment/-/types-augment-11.3.1.tgz#1f7f553f0ca6eb8fbc0306901edc045fe18729e1"
  integrity sha512-eR3HVpvUmB3v7q2jTWVmVfAVfb1/kuNn7ij94Zqadg/fuUq0pKqIOKwkUj3OxRM3A/5BnW3MbgparjKD3r+fyw==
  dependencies:
    "@polkadot/types" "11.3.1"
    "@polkadot/types-codec" "11.3.1"
    "@polkadot/util" "^12.6.2"
    tslib "^2.6.2"

"@polkadot/types-codec@11.3.1":
  version "11.3.1"
  resolved "https://registry.yarnpkg.com/@polkadot/types-codec/-/types-codec-11.3.1.tgz#2767cf482cd49afdd5dce9701615f68ec59cec5e"
  integrity sha512-i7IiiuuL+Z/jFoKTA9xeh4wGQnhnNNjMT0+1ohvlOvnFsoKZKFQQOaDPPntGJVL1JDCV+KjkN2uQKZSeW8tguQ==
  dependencies:
    "@polkadot/util" "^12.6.2"
    "@polkadot/x-bigint" "^12.6.2"
    tslib "^2.6.2"

"@polkadot/types-create@11.3.1":
  version "11.3.1"
  resolved "https://registry.yarnpkg.com/@polkadot/types-create/-/types-create-11.3.1.tgz#3ac2c8283f61555f9e572ca30e3485b95a0a54e2"
  integrity sha512-pBXtpz5FehcRJ6j5MzFUIUN8ZWM7z6HbqK1GxBmYbJVRElcGcOg7a/rL2pQVphU0Rx1E8bSO4thzGf4wUxSX7w==
  dependencies:
    "@polkadot/types-codec" "11.3.1"
    "@polkadot/util" "^12.6.2"
    tslib "^2.6.2"

"@polkadot/types-known@11.3.1":
  version "11.3.1"
  resolved "https://registry.yarnpkg.com/@polkadot/types-known/-/types-known-11.3.1.tgz#fc34ed29ac2474db6b66805a15d12008226346bb"
  integrity sha512-3BIof7u6tn9bk3ZCIxA07iNoQ3uj4+vn3DTOjCKECozkRlt6V+kWRvqh16Hc0SHMg/QjcMb2fIu/WZhka1McUQ==
  dependencies:
    "@polkadot/networks" "^12.6.2"
    "@polkadot/types" "11.3.1"
    "@polkadot/types-codec" "11.3.1"
    "@polkadot/types-create" "11.3.1"
    "@polkadot/util" "^12.6.2"
    tslib "^2.6.2"

"@polkadot/types-support@11.3.1":
  version "11.3.1"
  resolved "https://registry.yarnpkg.com/@polkadot/types-support/-/types-support-11.3.1.tgz#dee02a67784baa13177fe9957f5d8d62e8a7e570"
  integrity sha512-jTFz1GKyF7nI29yIOq4v0NiWTOf5yX4HahJNeFD8TcxoLhF+6tH/XXqrUXJEfbaTlSrRWiW1LZYlb+snctqKHA==
  dependencies:
    "@polkadot/util" "^12.6.2"
    tslib "^2.6.2"

"@polkadot/types@11.3.1":
  version "11.3.1"
  resolved "https://registry.yarnpkg.com/@polkadot/types/-/types-11.3.1.tgz#bab61b701218158099e3f548d20efc27cbf1287f"
  integrity sha512-5c7uRFXQTT11Awi6T0yFIdAfD6xGDAOz06Kp7M5S9OGNZY28wSPk5x6BYfNphWPaIBmHHewYJB5qmnrdYQAWKQ==
  dependencies:
    "@polkadot/keyring" "^12.6.2"
    "@polkadot/types-augment" "11.3.1"
    "@polkadot/types-codec" "11.3.1"
    "@polkadot/types-create" "11.3.1"
    "@polkadot/util" "^12.6.2"
    "@polkadot/util-crypto" "^12.6.2"
    rxjs "^7.8.1"
    tslib "^2.6.2"

"@polkadot/util-crypto@12.6.2", "@polkadot/util-crypto@^12.5.1", "@polkadot/util-crypto@^12.6.2":
  version "12.6.2"
  resolved "https://registry.yarnpkg.com/@polkadot/util-crypto/-/util-crypto-12.6.2.tgz#d2d51010e8e8ca88951b7d864add797dad18bbfc"
  integrity sha512-FEWI/dJ7wDMNN1WOzZAjQoIcCP/3vz3wvAp5QQm+lOrzOLj0iDmaIGIcBkz8HVm3ErfSe/uKP0KS4jgV/ib+Mg==
  dependencies:
    "@noble/curves" "^1.3.0"
    "@noble/hashes" "^1.3.3"
    "@polkadot/networks" "12.6.2"
    "@polkadot/util" "12.6.2"
    "@polkadot/wasm-crypto" "^7.3.2"
    "@polkadot/wasm-util" "^7.3.2"
    "@polkadot/x-bigint" "12.6.2"
    "@polkadot/x-randomvalues" "12.6.2"
    "@scure/base" "^1.1.5"
    tslib "^2.6.2"

"@polkadot/util@12.6.2", "@polkadot/util@^12.5.1", "@polkadot/util@^12.6.2":
  version "12.6.2"
  resolved "https://registry.yarnpkg.com/@polkadot/util/-/util-12.6.2.tgz#9396eff491221e1f0fd28feac55fc16ecd61a8dc"
  integrity sha512-l8TubR7CLEY47240uki0TQzFvtnxFIO7uI/0GoWzpYD/O62EIAMRsuY01N4DuwgKq2ZWD59WhzsLYmA5K6ksdw==
  dependencies:
    "@polkadot/x-bigint" "12.6.2"
    "@polkadot/x-global" "12.6.2"
    "@polkadot/x-textdecoder" "12.6.2"
    "@polkadot/x-textencoder" "12.6.2"
    "@types/bn.js" "^5.1.5"
    bn.js "^5.2.1"
    tslib "^2.6.2"

"@polkadot/wasm-bridge@7.3.2":
  version "7.3.2"
  resolved "https://registry.yarnpkg.com/@polkadot/wasm-bridge/-/wasm-bridge-7.3.2.tgz#e1b01906b19e06cbca3d94f10f5666f2ae0baadc"
  integrity sha512-AJEXChcf/nKXd5Q/YLEV5dXQMle3UNT7jcXYmIffZAo/KI394a+/24PaISyQjoNC0fkzS1Q8T5pnGGHmXiVz2g==
  dependencies:
    "@polkadot/wasm-util" "7.3.2"
    tslib "^2.6.2"

"@polkadot/wasm-crypto-asmjs@7.3.2":
  version "7.3.2"
  resolved "https://registry.yarnpkg.com/@polkadot/wasm-crypto-asmjs/-/wasm-crypto-asmjs-7.3.2.tgz#c6d41bc4b48b5359d57a24ca3066d239f2d70a34"
  integrity sha512-QP5eiUqUFur/2UoF2KKKYJcesc71fXhQFLT3D4ZjG28Mfk2ZPI0QNRUfpcxVQmIUpV5USHg4geCBNuCYsMm20Q==
  dependencies:
    tslib "^2.6.2"

"@polkadot/wasm-crypto-init@7.3.2":
  version "7.3.2"
  resolved "https://registry.yarnpkg.com/@polkadot/wasm-crypto-init/-/wasm-crypto-init-7.3.2.tgz#7e1fe79ba978fb0a4a0f74a92d976299d38bc4b8"
  integrity sha512-FPq73zGmvZtnuJaFV44brze3Lkrki3b4PebxCy9Fplw8nTmisKo9Xxtfew08r0njyYh+uiJRAxPCXadkC9sc8g==
  dependencies:
    "@polkadot/wasm-bridge" "7.3.2"
    "@polkadot/wasm-crypto-asmjs" "7.3.2"
    "@polkadot/wasm-crypto-wasm" "7.3.2"
    "@polkadot/wasm-util" "7.3.2"
    tslib "^2.6.2"

"@polkadot/wasm-crypto-wasm@7.3.2":
  version "7.3.2"
  resolved "https://registry.yarnpkg.com/@polkadot/wasm-crypto-wasm/-/wasm-crypto-wasm-7.3.2.tgz#44e08ed5cf6499ce4a3aa7247071a5d01f6a74f4"
  integrity sha512-15wd0EMv9IXs5Abp1ZKpKKAVyZPhATIAHfKsyoWCEFDLSOA0/K0QGOxzrAlsrdUkiKZOq7uzSIgIDgW8okx2Mw==
  dependencies:
    "@polkadot/wasm-util" "7.3.2"
    tslib "^2.6.2"

"@polkadot/wasm-crypto@^7.3.2":
  version "7.3.2"
  resolved "https://registry.yarnpkg.com/@polkadot/wasm-crypto/-/wasm-crypto-7.3.2.tgz#61bbcd9e591500705c8c591e6aff7654bdc8afc9"
  integrity sha512-+neIDLSJ6jjVXsjyZ5oLSv16oIpwp+PxFqTUaZdZDoA2EyFRQB8pP7+qLsMNk+WJuhuJ4qXil/7XiOnZYZ+wxw==
  dependencies:
    "@polkadot/wasm-bridge" "7.3.2"
    "@polkadot/wasm-crypto-asmjs" "7.3.2"
    "@polkadot/wasm-crypto-init" "7.3.2"
    "@polkadot/wasm-crypto-wasm" "7.3.2"
    "@polkadot/wasm-util" "7.3.2"
    tslib "^2.6.2"

"@polkadot/wasm-util@7.3.2", "@polkadot/wasm-util@^7.3.2":
  version "7.3.2"
  resolved "https://registry.yarnpkg.com/@polkadot/wasm-util/-/wasm-util-7.3.2.tgz#4fe6370d2b029679b41a5c02cd7ebf42f9b28de1"
  integrity sha512-bmD+Dxo1lTZyZNxbyPE380wd82QsX+43mgCm40boyKrRppXEyQmWT98v/Poc7chLuskYb6X8IQ6lvvK2bGR4Tg==
  dependencies:
    tslib "^2.6.2"

"@polkadot/x-bigint@12.6.2", "@polkadot/x-bigint@^12.6.2":
  version "12.6.2"
  resolved "https://registry.yarnpkg.com/@polkadot/x-bigint/-/x-bigint-12.6.2.tgz#59b7a615f205ae65e1ac67194aefde94d3344580"
  integrity sha512-HSIk60uFPX4GOFZSnIF7VYJz7WZA7tpFJsne7SzxOooRwMTWEtw3fUpFy5cYYOeLh17/kHH1Y7SVcuxzVLc74Q==
  dependencies:
    "@polkadot/x-global" "12.6.2"
    tslib "^2.6.2"

"@polkadot/x-fetch@^12.6.2":
  version "12.6.2"
  resolved "https://registry.yarnpkg.com/@polkadot/x-fetch/-/x-fetch-12.6.2.tgz#b1bca028db90263bafbad2636c18d838d842d439"
  integrity sha512-8wM/Z9JJPWN1pzSpU7XxTI1ldj/AfC8hKioBlUahZ8gUiJaOF7K9XEFCrCDLis/A1BoOu7Ne6WMx/vsJJIbDWw==
  dependencies:
    "@polkadot/x-global" "12.6.2"
    node-fetch "^3.3.2"
    tslib "^2.6.2"

"@polkadot/x-global@12.6.2", "@polkadot/x-global@^12.6.2":
  version "12.6.2"
  resolved "https://registry.yarnpkg.com/@polkadot/x-global/-/x-global-12.6.2.tgz#31d4de1c3d4c44e4be3219555a6d91091decc4ec"
  integrity sha512-a8d6m+PW98jmsYDtAWp88qS4dl8DyqUBsd0S+WgyfSMtpEXu6v9nXDgPZgwF5xdDvXhm+P0ZfVkVTnIGrScb5g==
  dependencies:
    tslib "^2.6.2"

"@polkadot/x-randomvalues@12.6.2":
  version "12.6.2"
  resolved "https://registry.yarnpkg.com/@polkadot/x-randomvalues/-/x-randomvalues-12.6.2.tgz#13fe3619368b8bf5cb73781554859b5ff9d900a2"
  integrity sha512-Vr8uG7rH2IcNJwtyf5ebdODMcr0XjoCpUbI91Zv6AlKVYOGKZlKLYJHIwpTaKKB+7KPWyQrk4Mlym/rS7v9feg==
  dependencies:
    "@polkadot/x-global" "12.6.2"
    tslib "^2.6.2"

"@polkadot/x-textdecoder@12.6.2":
  version "12.6.2"
  resolved "https://registry.yarnpkg.com/@polkadot/x-textdecoder/-/x-textdecoder-12.6.2.tgz#b86da0f8e8178f1ca31a7158257e92aea90b10e4"
  integrity sha512-M1Bir7tYvNappfpFWXOJcnxUhBUFWkUFIdJSyH0zs5LmFtFdbKAeiDXxSp2Swp5ddOZdZgPac294/o2TnQKN1w==
  dependencies:
    "@polkadot/x-global" "12.6.2"
    tslib "^2.6.2"

"@polkadot/x-textencoder@12.6.2":
  version "12.6.2"
  resolved "https://registry.yarnpkg.com/@polkadot/x-textencoder/-/x-textencoder-12.6.2.tgz#81d23bd904a2c36137a395c865c5fefa21abfb44"
  integrity sha512-4N+3UVCpI489tUJ6cv3uf0PjOHvgGp9Dl+SZRLgFGt9mvxnvpW/7+XBADRMtlG4xi5gaRK7bgl5bmY6OMDsNdw==
  dependencies:
    "@polkadot/x-global" "12.6.2"
    tslib "^2.6.2"

"@polkadot/x-ws@^12.6.2":
  version "12.6.2"
  resolved "https://registry.yarnpkg.com/@polkadot/x-ws/-/x-ws-12.6.2.tgz#b99094d8e53a03be1de903d13ba59adaaabc767a"
  integrity sha512-cGZWo7K5eRRQCRl2LrcyCYsrc3lRbTlixZh3AzgU8uX4wASVGRlNWi/Hf4TtHNe1ExCDmxabJzdIsABIfrr7xw==
  dependencies:
    "@polkadot/x-global" "12.6.2"
    tslib "^2.6.2"
    ws "^8.15.1"

"@scure/base@^1.1.1", "@scure/base@^1.1.5":
  version "1.1.7"
  resolved "https://registry.yarnpkg.com/@scure/base/-/base-1.1.7.tgz#fe973311a5c6267846aa131bc72e96c5d40d2b30"
  integrity sha512-PPNYBslrLNNUQ/Yad37MHYsNQtK67EhWb6WtSvNLLPo7SdVZgkUjD6Dg+5On7zNwmskf8OX7I7Nx5oN+MIWE0g==

"@substrate/connect-extension-protocol@^2.0.0":
  version "2.0.0"
  resolved "https://registry.yarnpkg.com/@substrate/connect-extension-protocol/-/connect-extension-protocol-2.0.0.tgz#badaa6e6b5f7c7d56987d778f4944ddb83cd9ea7"
  integrity sha512-nKu8pDrE3LNCEgJjZe1iGXzaD6OSIDD4Xzz/yo4KO9mQ6LBvf49BVrt4qxBFGL6++NneLiWUZGoh+VSd4PyVIg==

"@substrate/connect-known-chains@^1.1.4":
  version "1.1.6"
  resolved "https://registry.yarnpkg.com/@substrate/connect-known-chains/-/connect-known-chains-1.1.6.tgz#2627d329b82b46c7d745752c48c73e1b8ce6ac81"
  integrity sha512-JwtdGbnK3ZqrY1qp3Ifr/p648sp9hG0Q715h4nRghnqZJnMQIiLKaFkcLnvrAiYQD3zNTYDztHidy5Q/u0TcbQ==

"@substrate/connect@0.8.10":
  version "0.8.10"
  resolved "https://registry.yarnpkg.com/@substrate/connect/-/connect-0.8.10.tgz#810b6589f848828aa840c731a1f36b84fe0e5956"
  integrity sha512-DIyQ13DDlXqVFnLV+S6/JDgiGowVRRrh18kahieJxhgvzcWicw5eLc6jpfQ0moVVLBYkO7rctB5Wreldwpva8w==
  dependencies:
    "@substrate/connect-extension-protocol" "^2.0.0"
    "@substrate/connect-known-chains" "^1.1.4"
    "@substrate/light-client-extension-helpers" "^0.0.6"
    smoldot "2.0.22"

"@substrate/light-client-extension-helpers@^0.0.6":
  version "0.0.6"
  resolved "https://registry.yarnpkg.com/@substrate/light-client-extension-helpers/-/light-client-extension-helpers-0.0.6.tgz#bec1c7997241226db50b44ad85a992b4348d21c3"
  integrity sha512-girltEuxQ1BvkJWmc8JJlk4ZxnlGXc/wkLcNguhY+UoDEMBK0LsdtfzQKIfrIehi4QdeSBlFEFBoI4RqPmsZzA==
  dependencies:
    "@polkadot-api/json-rpc-provider" "0.0.1"
    "@polkadot-api/json-rpc-provider-proxy" "0.0.1"
    "@polkadot-api/observable-client" "0.1.0"
    "@polkadot-api/substrate-client" "0.0.1"
    "@substrate/connect-extension-protocol" "^2.0.0"
    "@substrate/connect-known-chains" "^1.1.4"
    rxjs "^7.8.1"

"@substrate/ss58-registry@^1.44.0":
  version "1.49.0"
  resolved "https://registry.yarnpkg.com/@substrate/ss58-registry/-/ss58-registry-1.49.0.tgz#ed9507316d13f49b2bccb65f08ec97180f71fc39"
  integrity sha512-leW6Ix4LD7XgvxT7+aobPWSw+WvPcN2Rxof1rmd0mNC5t2n99k1N7UNEvz7YEFSOUeHWmKIY7F5q8KeIqYoHfA==

"@types/bn.js@^5.1.5":
  version "5.1.5"
  resolved "https://registry.yarnpkg.com/@types/bn.js/-/bn.js-5.1.5.tgz#2e0dacdcce2c0f16b905d20ff87aedbc6f7b4bf0"
  integrity sha512-V46N0zwKRF5Q00AZ6hWtN0T8gGmDUaUzLWQvHFo5yThtVwK/VCenFY3wXVbOvNfajEpsTfQM4IN9k/d6gUVX3A==
  dependencies:
    "@types/node" "*"

"@types/node@*":
  version "20.14.8"
  resolved "https://registry.yarnpkg.com/@types/node/-/node-20.14.8.tgz#45c26a2a5de26c3534a9504530ddb3b27ce031ac"
  integrity sha512-DO+2/jZinXfROG7j7WKFn/3C6nFwxy2lLpgLjEXJz+0XKphZlTLJ14mo8Vfg8X5BWN6XjyESXq+LcYdT7tR3bA==
  dependencies:
    undici-types "~5.26.4"

bn.js@^5.2.1:
  version "5.2.1"
  resolved "https://registry.yarnpkg.com/bn.js/-/bn.js-5.2.1.tgz#0bc527a6a0d18d0aa8d5b0538ce4a77dccfa7b70"
  integrity sha512-eXRvHzWyYPBuB4NBy0cmYQjGitUrtqwbvlzP3G6VFnNRbsZQIxQ10PbKKHt8gZ/HW/D/747aDl+QkDqg3KQLMQ==

data-uri-to-buffer@^4.0.0:
  version "4.0.1"
  resolved "https://registry.yarnpkg.com/data-uri-to-buffer/-/data-uri-to-buffer-4.0.1.tgz#d8feb2b2881e6a4f58c2e08acfd0e2834e26222e"
  integrity sha512-0R9ikRb668HB7QDxT1vkpuUBtqc53YyAwMwGeUFKRojY/NWKvdZ+9UYtRfGmhqNbRkTSVpMbmyhXipFFv2cb/A==

debug@^4.1.0:
  version "4.3.5"
  resolved "https://registry.yarnpkg.com/debug/-/debug-4.3.5.tgz#e83444eceb9fedd4a1da56d671ae2446a01a6e1e"
  integrity sha512-pt0bNEmneDIvdL1Xsd9oDQ/wrQRkXDT4AUWlNZNPKvW5x/jyO9VFXkJUP07vQ2upmw5PlaITaPKc31jK13V+jg==
  dependencies:
    ms "2.1.2"

eventemitter3@^5.0.1:
  version "5.0.1"
  resolved "https://registry.yarnpkg.com/eventemitter3/-/eventemitter3-5.0.1.tgz#53f5ffd0a492ac800721bb42c66b841de96423c4"
  integrity sha512-GWkBvjiSZK87ELrYOSESUYeVIc9mvLLf/nXalMOS5dYrgZq9o5OVkbZAVM06CVxYsCwH9BDZFPlQTlPA1j4ahA==

fetch-blob@^3.1.2, fetch-blob@^3.1.4:
  version "3.2.0"
  resolved "https://registry.yarnpkg.com/fetch-blob/-/fetch-blob-3.2.0.tgz#f09b8d4bbd45adc6f0c20b7e787e793e309dcce9"
  integrity sha512-7yAQpD2UMJzLi1Dqv7qFYnPbaPx7ZfFK6PiIxQ4PfkGPyNyl2Ugx+a/umUonmKqjhM4DnfbMvdX6otXq83soQQ==
  dependencies:
    node-domexception "^1.0.0"
    web-streams-polyfill "^3.0.3"

formdata-polyfill@^4.0.10:
  version "4.0.10"
  resolved "https://registry.yarnpkg.com/formdata-polyfill/-/formdata-polyfill-4.0.10.tgz#24807c31c9d402e002ab3d8c720144ceb8848423"
  integrity sha512-buewHzMvYL29jdeQTVILecSaZKnt/RJWjoZCF5OW60Z67/GmSLBkOFM7qh1PI3zFNtJbaZL5eQu1vLfazOwj4g==
  dependencies:
    fetch-blob "^3.1.2"

json-stringify-safe@^5.0.1:
  version "5.0.1"
  resolved "https://registry.yarnpkg.com/json-stringify-safe/-/json-stringify-safe-5.0.1.tgz#1296a2d58fd45f19a0f6ce01d65701e2c735b6eb"
  integrity sha512-ZClg6AaYvamvYEE82d3Iyd3vSSIjQ+odgjaTzRuO3s7toCdFKczob2i0zCh7JE8kWn17yvAWhUVxvqGwUalsRA==

mock-socket@^9.3.1:
  version "9.3.1"
  resolved "https://registry.yarnpkg.com/mock-socket/-/mock-socket-9.3.1.tgz#24fb00c2f573c84812aa4a24181bb025de80cc8e"
  integrity sha512-qxBgB7Qa2sEQgHFjj0dSigq7fX4k6Saisd5Nelwp2q8mlbAFh5dHV9JTTlF8viYJLSSWgMCZFUom8PJcMNBoJw==

ms@2.1.2:
  version "2.1.2"
  resolved "https://registry.yarnpkg.com/ms/-/ms-2.1.2.tgz#d09d1f357b443f493382a8eb3ccd183872ae6009"
  integrity sha512-sGkPx+VjMtmA6MX27oA4FBFELFCZZ4S4XqeGOXCv68tT+jb3vk/RyaKWP0PTKyWtmLSM0b+adUTEvbs1PEaH2w==

nock@^13.5.0:
  version "13.5.4"
  resolved "https://registry.yarnpkg.com/nock/-/nock-13.5.4.tgz#8918f0addc70a63736170fef7106a9721e0dc479"
  integrity sha512-yAyTfdeNJGGBFxWdzSKCBYxs5FxLbCg5X5Q4ets974hcQzG1+qCxvIyOo4j2Ry6MUlhWVMX4OoYDefAIIwupjw==
  dependencies:
    debug "^4.1.0"
    json-stringify-safe "^5.0.1"
    propagate "^2.0.0"

node-domexception@^1.0.0:
  version "1.0.0"
  resolved "https://registry.yarnpkg.com/node-domexception/-/node-domexception-1.0.0.tgz#6888db46a1f71c0b76b3f7555016b63fe64766e5"
  integrity sha512-/jKZoMpw0F8GRwl4/eLROPA3cfcXtLApP0QzLmUT/HuPCZWyB7IY9ZrMeKw2O/nFIqPQB3PVM9aYm0F312AXDQ==

node-fetch@^3.3.2:
  version "3.3.2"
  resolved "https://registry.yarnpkg.com/node-fetch/-/node-fetch-3.3.2.tgz#d1e889bacdf733b4ff3b2b243eb7a12866a0b78b"
  integrity sha512-dRB78srN/l6gqWulah9SrxeYnxeddIG30+GOqK/9OlLVyLg3HPnr6SqOWTWOXKRwC2eGYCkZ59NNuSgvSrpgOA==
  dependencies:
    data-uri-to-buffer "^4.0.0"
    fetch-blob "^3.1.4"
    formdata-polyfill "^4.0.10"

propagate@^2.0.0:
  version "2.0.1"
  resolved "https://registry.yarnpkg.com/propagate/-/propagate-2.0.1.tgz#40cdedab18085c792334e64f0ac17256d38f9a45"
  integrity sha512-vGrhOavPSTz4QVNuBNdcNXePNdNMaO1xj9yBeH1ScQPjk/rhg9sSlCXPhMkFuaNNW/syTvYqsnbIJxMBfRbbag==

rxjs@^7.8.1:
  version "7.8.1"
  resolved "https://registry.yarnpkg.com/rxjs/-/rxjs-7.8.1.tgz#6f6f3d99ea8044291efd92e7c7fcf562c4057543"
  integrity sha512-AA3TVj+0A2iuIoQkWEK/tqFjBq2j+6PO6Y0zJcvzLAFhEFIO3HL0vls9hWLncZbAAbK0mar7oZ4V079I/qPMxg==
  dependencies:
    tslib "^2.1.0"

scale-ts@^1.6.0:
  version "1.6.0"
  resolved "https://registry.yarnpkg.com/scale-ts/-/scale-ts-1.6.0.tgz#e9641093c5a9e50f964ddb1607139034e3e932e9"
  integrity sha512-Ja5VCjNZR8TGKhUumy9clVVxcDpM+YFjAnkMuwQy68Hixio3VRRvWdE3g8T/yC+HXA0ZDQl2TGyUmtmbcVl40Q==

smoldot@2.0.22:
  version "2.0.22"
  resolved "https://registry.yarnpkg.com/smoldot/-/smoldot-2.0.22.tgz#1e924d2011a31c57416e79a2b97a460f462a31c7"
  integrity sha512-B50vRgTY6v3baYH6uCgL15tfaag5tcS2o/P5q1OiXcKGv1axZDfz2dzzMuIkVpyMR2ug11F6EAtQlmYBQd292g==
  dependencies:
    ws "^8.8.1"

tslib@^2.1.0, tslib@^2.6.2:
  version "2.6.3"
  resolved "https://registry.yarnpkg.com/tslib/-/tslib-2.6.3.tgz#0438f810ad7a9edcde7a241c3d80db693c8cbfe0"
  integrity sha512-xNvxJEOUiWPGhUuUdQgAJPKOOJfGnIyKySOc09XkKsgdUV/3E2zvwZYdejjmRgPCgcym1juLH3226yA7sEFJKQ==

undici-types@~5.26.4:
  version "5.26.5"
  resolved "https://registry.yarnpkg.com/undici-types/-/undici-types-5.26.5.tgz#bcd539893d00b56e964fd2657a4866b221a65617"
  integrity sha512-JlCMO+ehdEIKqlFxk6IfVoAUVmgz7cU7zD/h9XZ0qzeosSHmUJVOzSQvvYSYWXkFXC+IfLKSIffhv0sVZup6pA==

web-streams-polyfill@^3.0.3:
  version "3.3.3"
  resolved "https://registry.yarnpkg.com/web-streams-polyfill/-/web-streams-polyfill-3.3.3.tgz#2073b91a2fdb1fbfbd401e7de0ac9f8214cecb4b"
  integrity sha512-d2JWLCivmZYTSIoge9MsgFCZrt571BikcWGYkjC1khllbTeDlGqZ2D8vD8E/lJa8WGWbb7Plm8/XJYV7IJHZZw==

ws@^8.15.1, ws@^8.8.1:
  version "8.17.1"
  resolved "https://registry.yarnpkg.com/ws/-/ws-8.17.1.tgz#9293da530bb548febc95371d90f9c878727d919b"
  integrity sha512-6XQFvXTkbfUOZOKKILFG1PDK2NDQs4azKQl26T0YS5CxqWLgXajbPZ+h4gZekJyRqFU8pvnbAbbs/3TgRPy+GQ==
