# THIS IS AN AUTOGENERATED FILE. DO NOT EDIT THIS FILE DIRECTLY.
# yarn lockfile v1


"@noble/curves@1.0.0":
  version "1.0.0"
  resolved "https://registry.yarnpkg.com/@noble/curves/-/curves-1.0.0.tgz#e40be8c7daf088aaf291887cbc73f43464a92932"
  integrity sha512-2upgEu0iLiDVDZkNLeFV2+ht0BAVgQnEmCk6JsOch9Rp8xfkMCbvbAZlA2pBHQc73dbl+vFOXfqkf4uemdn0bw==
  dependencies:
    "@noble/hashes" "1.3.0"

"@noble/hashes@1.3.0":
  version "1.3.0"
  resolved "https://registry.yarnpkg.com/@noble/hashes/-/hashes-1.3.0.tgz#085fd70f6d7d9d109671090ccae1d3bec62554a1"
  integrity sha512-ilHEACi9DwqJB0pw7kv+Apvh50jiiSyR/cQ3y4W7lOR5mhvn/50FLUfsnfJz0BDZtl/RR16kXvptiv6q1msYZg==

"@polkadot/api-augment@10.7.2":
  version "10.7.2"
  resolved "https://registry.yarnpkg.com/@polkadot/api-augment/-/api-augment-10.7.2.tgz#b49aba3a7ac0832b1e21910c21c159e2dd0d3d47"
  integrity sha512-2h3Rk2kYYEn3xtpzD2pwh1posgWK1/xWMISDypmNxChH/L44Ulch+jbbpk/JlOw0x3ClESRczZ8zcJOrKmDY8w==
  dependencies:
    "@polkadot/api-base" "10.7.2"
    "@polkadot/rpc-augment" "10.7.2"
    "@polkadot/types" "10.7.2"
    "@polkadot/types-augment" "10.7.2"
    "@polkadot/types-codec" "10.7.2"
    "@polkadot/util" "^12.2.1"
    tslib "^2.5.2"

"@polkadot/api-base@10.7.2":
  version "10.7.2"
  resolved "https://registry.yarnpkg.com/@polkadot/api-base/-/api-base-10.7.2.tgz#70650dd434163a6ae7c5d6c535267a5007e8d4fc"
  integrity sha512-Gb6ro7B5Xq565lE9x+XBdGoIWFVLnlhtAnG3a4RbQ8D+lr8L5QDtXEJHiGNhV2l/g4xoItJ6IFW4txhKdaJl9A==
  dependencies:
    "@polkadot/rpc-core" "10.7.2"
    "@polkadot/types" "10.7.2"
    "@polkadot/util" "^12.2.1"
    rxjs "^7.8.1"
    tslib "^2.5.2"

"@polkadot/api-derive@10.7.2":
  version "10.7.2"
  resolved "https://registry.yarnpkg.com/@polkadot/api-derive/-/api-derive-10.7.2.tgz#4c4f6d27f34f71f0a35d800c0477f25642c8552a"
  integrity sha512-2hrlvE5W0xdR3aT/AEWPfbReV5xm/8SVv9dK1EJd6xzfjB+TCpuDkdXY5OgNv76eJbUeAkR1bHJLGvNfMqhnqQ==
  dependencies:
    "@polkadot/api" "10.7.2"
    "@polkadot/api-augment" "10.7.2"
    "@polkadot/api-base" "10.7.2"
    "@polkadot/rpc-core" "10.7.2"
    "@polkadot/types" "10.7.2"
    "@polkadot/types-codec" "10.7.2"
    "@polkadot/util" "^12.2.1"
    "@polkadot/util-crypto" "^12.2.1"
    rxjs "^7.8.1"
    tslib "^2.5.2"

"@polkadot/api@10.7.2", "@polkadot/api@^10.7.2":
  version "10.7.2"
  resolved "https://registry.yarnpkg.com/@polkadot/api/-/api-10.7.2.tgz#e5e9667f6c048f24294992dc2f508047f42ac8ee"
  integrity sha512-w1d/P359xNAKyCm/uhVDW8pCVBGVVthLYJPjZBqXOQXdLF+0Kjsg6zwNbHlSVPf3zpX6AODUg4X+HpchGIZSpQ==
  dependencies:
    "@polkadot/api-augment" "10.7.2"
    "@polkadot/api-base" "10.7.2"
    "@polkadot/api-derive" "10.7.2"
    "@polkadot/keyring" "^12.2.1"
    "@polkadot/rpc-augment" "10.7.2"
    "@polkadot/rpc-core" "10.7.2"
    "@polkadot/rpc-provider" "10.7.2"
    "@polkadot/types" "10.7.2"
    "@polkadot/types-augment" "10.7.2"
    "@polkadot/types-codec" "10.7.2"
    "@polkadot/types-create" "10.7.2"
    "@polkadot/types-known" "10.7.2"
    "@polkadot/util" "^12.2.1"
    "@polkadot/util-crypto" "^12.2.1"
    eventemitter3 "^5.0.1"
    rxjs "^7.8.1"
    tslib "^2.5.2"

"@polkadot/keyring@^12.2.1":
  version "12.2.1"
  resolved "https://registry.yarnpkg.com/@polkadot/keyring/-/keyring-12.2.1.tgz#d131375c0436115d1f35139bd2bbbc069dd5b9fa"
  integrity sha512-YqgpU+97OZgnSUL56DEMib937Dpb1bTTDPYHhBiN1yNCKod7UboWXIe4xPh+1Kzugum+dEyPpdV+fHH10rtDzw==
  dependencies:
    "@polkadot/util" "12.2.1"
    "@polkadot/util-crypto" "12.2.1"
    tslib "^2.5.0"

"@polkadot/networks@12.2.1", "@polkadot/networks@^12.2.1":
  version "12.2.1"
  resolved "https://registry.yarnpkg.com/@polkadot/networks/-/networks-12.2.1.tgz#ce3e2371e3bd02c9c1b233846b9fe1df4601f560"
  integrity sha512-lYLvFv6iQ2UzkP66zJfsiTo2goeaNeKuwiaGoRoFrDwdwVeZK/+rCsz1uAyvbwmpZIaK8K+dTlSBVWlFoAkgcA==
  dependencies:
    "@polkadot/util" "12.2.1"
    "@substrate/ss58-registry" "^1.40.0"
    tslib "^2.5.0"

"@polkadot/rpc-augment@10.7.2":
  version "10.7.2"
  resolved "https://registry.yarnpkg.com/@polkadot/rpc-augment/-/rpc-augment-10.7.2.tgz#27814f8b23e40c843edebfd6fe6367bc4bfaf12c"
  integrity sha512-75tkVmCOJac5zlgizp1b8DO7R4y1YaNGyPEcyoT6Cx0z5LYSnV6TxQvHhrs6RzMKW1ltvuaFp2ptMvxzm8IB+A==
  dependencies:
    "@polkadot/rpc-core" "10.7.2"
    "@polkadot/types" "10.7.2"
    "@polkadot/types-codec" "10.7.2"
    "@polkadot/util" "^12.2.1"
    tslib "^2.5.2"

"@polkadot/rpc-core@10.7.2":
  version "10.7.2"
  resolved "https://registry.yarnpkg.com/@polkadot/rpc-core/-/rpc-core-10.7.2.tgz#5435cd6f063358f400b9ba76704b225be969209c"
  integrity sha512-HDHvl4tR2B4zaaWzfaIqrndQSzPSo9WZiuzW35qOEg15u1v0KMJ7NJYvgmoiwx5Adj1rw86Y2Mg1G0uJrSwCZQ==
  dependencies:
    "@polkadot/rpc-augment" "10.7.2"
    "@polkadot/rpc-provider" "10.7.2"
    "@polkadot/types" "10.7.2"
    "@polkadot/util" "^12.2.1"
    rxjs "^7.8.1"
    tslib "^2.5.2"

"@polkadot/rpc-provider@10.7.2":
  version "10.7.2"
  resolved "https://registry.yarnpkg.com/@polkadot/rpc-provider/-/rpc-provider-10.7.2.tgz#8d1bb9d4ffaf769f83b53e6b785eec7151130b76"
  integrity sha512-gJFsuATdz5qNNUDUdslESn8xaEf8tFz7JbtuXRb08dkCcqX6I/X+2fq07d8uOVlsIdVT2ghzuFun4STzP4wAwA==
  dependencies:
    "@polkadot/keyring" "^12.2.1"
    "@polkadot/types" "10.7.2"
    "@polkadot/types-support" "10.7.2"
    "@polkadot/util" "^12.2.1"
    "@polkadot/util-crypto" "^12.2.1"
    "@polkadot/x-fetch" "^12.2.1"
    "@polkadot/x-global" "^12.2.1"
    "@polkadot/x-ws" "^12.2.1"
    eventemitter3 "^5.0.1"
    mock-socket "^9.2.1"
    nock "^13.3.1"
    tslib "^2.5.2"
  optionalDependencies:
    "@substrate/connect" "0.7.26"

"@polkadot/types-augment@10.7.2":
  version "10.7.2"
  resolved "https://registry.yarnpkg.com/@polkadot/types-augment/-/types-augment-10.7.2.tgz#9596631f1ba66e5a47c250d9de407eac5eca3030"
  integrity sha512-alZg1NqQkcsxpYfijWkI1w7z++NcOODiksZu1ggKUOWxxTEKOw/VKL9n5/XhFylMgoJyOOq3qPf3VlHSA6eLSw==
  dependencies:
    "@polkadot/types" "10.7.2"
    "@polkadot/types-codec" "10.7.2"
    "@polkadot/util" "^12.2.1"
    tslib "^2.5.2"

"@polkadot/types-codec@10.7.2":
  version "10.7.2"
  resolved "https://registry.yarnpkg.com/@polkadot/types-codec/-/types-codec-10.7.2.tgz#b7270250ef2f3e4c3dea6c754b573258fac8cb54"
  integrity sha512-Sy3RM+gT1lZ6WHL694swxkSoqMvAGwnNX5S2oxoGlQ5bncYIMRg+pker4dDBD+EncyrBISLwxM7smOJpiVKOAg==
  dependencies:
    "@polkadot/util" "^12.2.1"
    "@polkadot/x-bigint" "^12.2.1"
    tslib "^2.5.2"

"@polkadot/types-create@10.7.2":
  version "10.7.2"
  resolved "https://registry.yarnpkg.com/@polkadot/types-create/-/types-create-10.7.2.tgz#dafaed10692bbf69c9257ef4ed1b56e757562ae5"
  integrity sha512-jBYX365SkoQJ7bJafxl3886z4JouZYLzXXHhroz32hfpzovC/3xAbyVYK7GgyyRRUNRp9Qww9nzn7yTAuDVawg==
  dependencies:
    "@polkadot/types-codec" "10.7.2"
    "@polkadot/util" "^12.2.1"
    tslib "^2.5.2"

"@polkadot/types-known@10.7.2":
  version "10.7.2"
  resolved "https://registry.yarnpkg.com/@polkadot/types-known/-/types-known-10.7.2.tgz#bb39696e9d35a4b21a232dd372b85d65ff988eb0"
  integrity sha512-6E1A4YK5yeTw2bk+EH8JOfmYwIq6KODtsTzsDGwOxNgJJ+1qAE18r6TVAOr1KW8YsHuHI5d0m7D7K7p8ZaEpwA==
  dependencies:
    "@polkadot/networks" "^12.2.1"
    "@polkadot/types" "10.7.2"
    "@polkadot/types-codec" "10.7.2"
    "@polkadot/types-create" "10.7.2"
    "@polkadot/util" "^12.2.1"
    tslib "^2.5.2"

"@polkadot/types-support@10.7.2":
  version "10.7.2"
  resolved "https://registry.yarnpkg.com/@polkadot/types-support/-/types-support-10.7.2.tgz#22c320e4fd94e20cedb47675630732f54d533060"
  integrity sha512-pEtQJElgWvRoVcm1rhjW0NH89eCs55AUc/03H0hFnvxN3K9gTZJpQJF0qz188eOgiZPZOtbz5C/kCdMTs0tsdw==
  dependencies:
    "@polkadot/util" "^12.2.1"
    tslib "^2.5.2"

"@polkadot/types@10.7.2":
  version "10.7.2"
  resolved "https://registry.yarnpkg.com/@polkadot/types/-/types-10.7.2.tgz#270bb743d4136461ec575cb533ab4982bb1b739c"
  integrity sha512-zhGZOVBKXiCxdtoXMcWXsmV4Z6209NaN8jeadiJya6UQT2DVnz8AugN+0Sq60XangXE/HxdL0Vhr1Z9XUY57mg==
  dependencies:
    "@polkadot/keyring" "^12.2.1"
    "@polkadot/types-augment" "10.7.2"
    "@polkadot/types-codec" "10.7.2"
    "@polkadot/types-create" "10.7.2"
    "@polkadot/util" "^12.2.1"
    "@polkadot/util-crypto" "^12.2.1"
    rxjs "^7.8.1"
    tslib "^2.5.2"

"@polkadot/util-crypto@12.2.1", "@polkadot/util-crypto@^12.2.1":
  version "12.2.1"
  resolved "https://registry.yarnpkg.com/@polkadot/util-crypto/-/util-crypto-12.2.1.tgz#cbb0d1535e187af43ddcbac4248298b134f2f3ee"
  integrity sha512-MFh7Sdm7/G9ot5eIBZGuQXTYP/EbOCh1+ODyygp9/TjWAmJZMq1J73Uqk4KmzkwpDBpNZO8TGjiYwL8lR6BnGg==
  dependencies:
    "@noble/curves" "1.0.0"
    "@noble/hashes" "1.3.0"
    "@polkadot/networks" "12.2.1"
    "@polkadot/util" "12.2.1"
    "@polkadot/wasm-crypto" "^7.2.1"
    "@polkadot/wasm-util" "^7.2.1"
    "@polkadot/x-bigint" "12.2.1"
    "@polkadot/x-randomvalues" "12.2.1"
    "@scure/base" "1.1.1"
    tslib "^2.5.0"

"@polkadot/util@12.2.1", "@polkadot/util@^12.2.1":
  version "12.2.1"
  resolved "https://registry.yarnpkg.com/@polkadot/util/-/util-12.2.1.tgz#d6c692324890802bc3b2f15b213b7430bb26e8c8"
  integrity sha512-MQmPx9aCX4GTpDY/USUQywXRyaDbaibg4V1+c/CoRTsoDu+XHNM8G3lpabdNAYKZrtxg+3/1bTS0ojm6ANSQRw==
  dependencies:
    "@polkadot/x-bigint" "12.2.1"
    "@polkadot/x-global" "12.2.1"
    "@polkadot/x-textdecoder" "12.2.1"
    "@polkadot/x-textencoder" "12.2.1"
    "@types/bn.js" "^5.1.1"
    bn.js "^5.2.1"
    tslib "^2.5.0"

"@polkadot/wasm-bridge@7.2.1":
  version "7.2.1"
  resolved "https://registry.yarnpkg.com/@polkadot/wasm-bridge/-/wasm-bridge-7.2.1.tgz#8464a96552207d2b49c6f32137b24132534b91ee"
  integrity sha512-uV/LHREDBGBbHrrv7HTki+Klw0PYZzFomagFWII4lp6Toj/VCvRh5WMzooVC+g/XsBGosAwrvBhoModabyHx+A==
  dependencies:
    "@polkadot/wasm-util" "7.2.1"
    tslib "^2.5.0"

"@polkadot/wasm-crypto-asmjs@7.2.1":
  version "7.2.1"
  resolved "https://registry.yarnpkg.com/@polkadot/wasm-crypto-asmjs/-/wasm-crypto-asmjs-7.2.1.tgz#3e7a91e2905ab7354bc37b82f3e151a62bb024db"
  integrity sha512-z/d21bmxyVfkzGsKef/FWswKX02x5lK97f4NPBZ9XBeiFkmzlXhdSnu58/+b1sKsRAGdW/Rn/rTNRDhW0GqCAg==
  dependencies:
    tslib "^2.5.0"

"@polkadot/wasm-crypto-init@7.2.1":
  version "7.2.1"
  resolved "https://registry.yarnpkg.com/@polkadot/wasm-crypto-init/-/wasm-crypto-init-7.2.1.tgz#9dbba41ed7d382575240f1483cf5a139ff2787bd"
  integrity sha512-GcEXtwN9LcSf32V9zSaYjHImFw16hCyo2Xzg4GLLDPPeaAAfbFr2oQMgwyDbvBrBjLKHVHjsPZyGhXae831amw==
  dependencies:
    "@polkadot/wasm-bridge" "7.2.1"
    "@polkadot/wasm-crypto-asmjs" "7.2.1"
    "@polkadot/wasm-crypto-wasm" "7.2.1"
    "@polkadot/wasm-util" "7.2.1"
    tslib "^2.5.0"

"@polkadot/wasm-crypto-wasm@7.2.1":
  version "7.2.1"
  resolved "https://registry.yarnpkg.com/@polkadot/wasm-crypto-wasm/-/wasm-crypto-wasm-7.2.1.tgz#d2486322c725f6e5d2cc2d6abcb77ecbbaedc738"
  integrity sha512-DqyXE4rSD0CVlLIw88B58+HHNyrvm+JAnYyuEDYZwCvzUWOCNos/DDg9wi/K39VAIsCCKDmwKqkkfIofuOj/lA==
  dependencies:
    "@polkadot/wasm-util" "7.2.1"
    tslib "^2.5.0"

"@polkadot/wasm-crypto@^7.2.1":
  version "7.2.1"
  resolved "https://registry.yarnpkg.com/@polkadot/wasm-crypto/-/wasm-crypto-7.2.1.tgz#db671dcb73f1646dc13478b5ffc3be18c64babe1"
  integrity sha512-SA2+33S9TAwGhniKgztVN6pxUKpGfN4Tre/eUZGUfpgRkT92wIUT2GpGWQE+fCCqGQgADrNiBcwt6XwdPqMQ4Q==
  dependencies:
    "@polkadot/wasm-bridge" "7.2.1"
    "@polkadot/wasm-crypto-asmjs" "7.2.1"
    "@polkadot/wasm-crypto-init" "7.2.1"
    "@polkadot/wasm-crypto-wasm" "7.2.1"
    "@polkadot/wasm-util" "7.2.1"
    tslib "^2.5.0"

"@polkadot/wasm-util@7.2.1", "@polkadot/wasm-util@^7.2.1":
  version "7.2.1"
  resolved "https://registry.yarnpkg.com/@polkadot/wasm-util/-/wasm-util-7.2.1.tgz#fda233120ec02f77f0d14e4d3c7ad9ce06535fb8"
  integrity sha512-FBSn/3aYJzhN0sYAYhHB8y9JL8mVgxLy4M1kUXYbyo+8GLRQEN5rns8Vcb8TAlIzBWgVTOOptYBvxo0oj0h7Og==
  dependencies:
    tslib "^2.5.0"

"@polkadot/x-bigint@12.2.1", "@polkadot/x-bigint@^12.2.1":
  version "12.2.1"
  resolved "https://registry.yarnpkg.com/@polkadot/x-bigint/-/x-bigint-12.2.1.tgz#adb639628626d2a6d7853afff43da20b4db4369a"
  integrity sha512-3cZLsV8kU1MFOTcyloeg61CF+qdBkbZxWZJkSjh4AGlPXy+2tKwwoBPExxfCWXK61+Lo/q3/U1+lln8DSBCI2A==
  dependencies:
    "@polkadot/x-global" "12.2.1"
    tslib "^2.5.0"

"@polkadot/x-fetch@^12.2.1":
  version "12.2.1"
  resolved "https://registry.yarnpkg.com/@polkadot/x-fetch/-/x-fetch-12.2.1.tgz#65b447373a0155cae3e546b842ced356d8599c54"
  integrity sha512-N2MIcn1g7LVZLZNDEkRkDD/LRY680PFqxziRoqb11SV52kRe6oVsdMIfaWH77UheniRR3br8YiQMUdvBVkak9Q==
  dependencies:
    "@polkadot/x-global" "12.2.1"
    node-fetch "^3.3.1"
    tslib "^2.5.0"

"@polkadot/x-global@12.2.1", "@polkadot/x-global@^12.2.1":
  version "12.2.1"
  resolved "https://registry.yarnpkg.com/@polkadot/x-global/-/x-global-12.2.1.tgz#42e798e9607a4d7667469d91225c030fb3e8c8b5"
  integrity sha512-JNMziAZjvfzMrXASuBPCvSzEqlhsgw0x95SOBtqJWsxmbCMAiZbYAC51vI1B9Z9wiKuzPtSh9Sk7YHsUOGCrIQ==
  dependencies:
    tslib "^2.5.0"

"@polkadot/x-randomvalues@12.2.1":
  version "12.2.1"
  resolved "https://registry.yarnpkg.com/@polkadot/x-randomvalues/-/x-randomvalues-12.2.1.tgz#00c3f097f987b9ff70dbd2720086ad3d0bc16cfb"
  integrity sha512-NwSDLcLjgHa0C7Un54Yhg2/E3Y/PcVfW5QNB9TDyzDbkmod3ziaVhh0iWG0sOmm26K6Q3phY+0uYt0etq0Gu3w==
  dependencies:
    "@polkadot/x-global" "12.2.1"
    tslib "^2.5.0"

"@polkadot/x-textdecoder@12.2.1":
  version "12.2.1"
  resolved "https://registry.yarnpkg.com/@polkadot/x-textdecoder/-/x-textdecoder-12.2.1.tgz#a426a1d8a3b5717859b81a7341b16de4de3d78c0"
  integrity sha512-5nQCIwyaGS0fXU2cbtMOSjFo0yTw1Z94m/UC+Gu5lm3ZU+kK4DpKFxhfLQORWAbvQkn12chRj3LI5Gm944hcrQ==
  dependencies:
    "@polkadot/x-global" "12.2.1"
    tslib "^2.5.0"

"@polkadot/x-textencoder@12.2.1":
  version "12.2.1"
  resolved "https://registry.yarnpkg.com/@polkadot/x-textencoder/-/x-textencoder-12.2.1.tgz#f606c9929668bb41a23ec25c9752252bb56b0c9b"
  integrity sha512-Ou6OXypRsJloK5a7Kn7re3ImqcL26h22fVw1cNv4fsTgkRFUdJDgPux2TpCZ3N+cyrfGVv42xKYFbdKMQCczjg==
  dependencies:
    "@polkadot/x-global" "12.2.1"
    tslib "^2.5.0"

"@polkadot/x-ws@^12.2.1":
  version "12.2.1"
  resolved "https://registry.yarnpkg.com/@polkadot/x-ws/-/x-ws-12.2.1.tgz#8774bc8cd38194354e48fc92438c4ebb52929fce"
  integrity sha512-jPfNR/QFwPmXCk9hGEAyCo50xBNHm3s+XavmpHEKQSulnLn5des5X/pKn+g8ttaO9nqrXYnUFO6VEmILgUa/IQ==
  dependencies:
    "@polkadot/x-global" "12.2.1"
    tslib "^2.5.0"
    ws "^8.13.0"

"@scure/base@1.1.1":
  version "1.1.1"
  resolved "https://registry.yarnpkg.com/@scure/base/-/base-1.1.1.tgz#ebb651ee52ff84f420097055f4bf46cfba403938"
  integrity sha512-ZxOhsSyxYwLJj3pLZCefNitxsj093tb2vq90mp2txoYeBqbcjDjqFhyM8eUjq/uFm6zJ+mUuqxlS2FkuSY1MTA==

"@substrate/connect-extension-protocol@^1.0.1":
  version "1.0.1"
  resolved "https://registry.yarnpkg.com/@substrate/connect-extension-protocol/-/connect-extension-protocol-1.0.1.tgz#fa5738039586c648013caa6a0c95c43265dbe77d"
  integrity sha512-161JhCC1csjH3GE5mPLEd7HbWtwNSPJBg3p1Ksz9SFlTzj/bgEwudiRN2y5i0MoLGCIJRYKyKGMxVnd29PzNjg==

"@substrate/connect@0.7.26":
  version "0.7.26"
  resolved "https://registry.yarnpkg.com/@substrate/connect/-/connect-0.7.26.tgz#a0ee5180c9cb2f29250d1219a32f7b7e7dea1196"
  integrity sha512-uuGSiroGuKWj1+38n1kY5HReer5iL9bRwPCzuoLtqAOmI1fGI0hsSI2LlNQMAbfRgr7VRHXOk5MTuQf5ulsFRw==
  dependencies:
    "@substrate/connect-extension-protocol" "^1.0.1"
    eventemitter3 "^4.0.7"
    smoldot "1.0.4"

"@substrate/ss58-registry@^1.40.0":
  version "1.40.0"
  resolved "https://registry.yarnpkg.com/@substrate/ss58-registry/-/ss58-registry-1.40.0.tgz#2223409c496271df786c1ca8496898896595441e"
  integrity sha512-QuU2nBql3J4KCnOWtWDw4n1K4JU0T79j54ZZvm/9nhsX6AIar13FyhsaBfs6QkJ2ixTQAnd7TocJIoJRWbqMZA==

"@types/bn.js@^5.1.1":
  version "5.1.1"
  resolved "https://registry.yarnpkg.com/@types/bn.js/-/bn.js-5.1.1.tgz#b51e1b55920a4ca26e9285ff79936bbdec910682"
  integrity sha512-qNrYbZqMx0uJAfKnKclPh+dTwK33KfLHYqtyODwd5HnXOjnkhc4qgn3BrK6RWyGZm5+sIFE7Q7Vz6QQtJB7w7g==
  dependencies:
    "@types/node" "*"

"@types/node@*":
  version "17.0.21"
  resolved "https://registry.yarnpkg.com/@types/node/-/node-17.0.21.tgz#864b987c0c68d07b4345845c3e63b75edd143644"
  integrity sha512-DBZCJbhII3r90XbQxI8Y9IjjiiOGlZ0Hr32omXIZvwwZ7p4DMMXGrKXVyPfuoBOri9XNtL0UK69jYIBIsRX3QQ==

bn.js@^5.2.1:
  version "5.2.1"
  resolved "https://registry.yarnpkg.com/bn.js/-/bn.js-5.2.1.tgz#0bc527a6a0d18d0aa8d5b0538ce4a77dccfa7b70"
  integrity sha512-eXRvHzWyYPBuB4NBy0cmYQjGitUrtqwbvlzP3G6VFnNRbsZQIxQ10PbKKHt8gZ/HW/D/747aDl+QkDqg3KQLMQ==

data-uri-to-buffer@^4.0.0:
  version "4.0.1"
  resolved "https://registry.yarnpkg.com/data-uri-to-buffer/-/data-uri-to-buffer-4.0.1.tgz#d8feb2b2881e6a4f58c2e08acfd0e2834e26222e"
  integrity sha512-0R9ikRb668HB7QDxT1vkpuUBtqc53YyAwMwGeUFKRojY/NWKvdZ+9UYtRfGmhqNbRkTSVpMbmyhXipFFv2cb/A==

debug@^4.1.0:
  version "4.3.3"
  resolved "https://registry.yarnpkg.com/debug/-/debug-4.3.3.tgz#04266e0b70a98d4462e6e288e38259213332b664"
  integrity sha512-/zxw5+vh1Tfv+4Qn7a5nsbcJKPaSvCDhojn6FEl9vupwK2VCSDtEiEtqr8DFtzYFOdz63LBkxec7DYuc2jon6Q==
  dependencies:
    ms "2.1.2"

eventemitter3@^4.0.7:
  version "4.0.7"
  resolved "https://registry.yarnpkg.com/eventemitter3/-/eventemitter3-4.0.7.tgz#2de9b68f6528d5644ef5c59526a1b4a07306169f"
  integrity sha512-8guHBZCwKnFhYdHr2ysuRWErTwhoN2X8XELRlrRwpmfeY2jjuUN4taQMsULKUVo1K4DvZl+0pgfyoysHxvmvEw==

eventemitter3@^5.0.1:
  version "5.0.1"
  resolved "https://registry.yarnpkg.com/eventemitter3/-/eventemitter3-5.0.1.tgz#53f5ffd0a492ac800721bb42c66b841de96423c4"
  integrity sha512-GWkBvjiSZK87ELrYOSESUYeVIc9mvLLf/nXalMOS5dYrgZq9o5OVkbZAVM06CVxYsCwH9BDZFPlQTlPA1j4ahA==

fetch-blob@^3.1.2, fetch-blob@^3.1.4:
  version "3.2.0"
  resolved "https://registry.yarnpkg.com/fetch-blob/-/fetch-blob-3.2.0.tgz#f09b8d4bbd45adc6f0c20b7e787e793e309dcce9"
  integrity sha512-7yAQpD2UMJzLi1Dqv7qFYnPbaPx7ZfFK6PiIxQ4PfkGPyNyl2Ugx+a/umUonmKqjhM4DnfbMvdX6otXq83soQQ==
  dependencies:
    node-domexception "^1.0.0"
    web-streams-polyfill "^3.0.3"

formdata-polyfill@^4.0.10:
  version "4.0.10"
  resolved "https://registry.yarnpkg.com/formdata-polyfill/-/formdata-polyfill-4.0.10.tgz#24807c31c9d402e002ab3d8c720144ceb8848423"
  integrity sha512-buewHzMvYL29jdeQTVILecSaZKnt/RJWjoZCF5OW60Z67/GmSLBkOFM7qh1PI3zFNtJbaZL5eQu1vLfazOwj4g==
  dependencies:
    fetch-blob "^3.1.2"

json-stringify-safe@^5.0.1:
  version "5.0.1"
  resolved "https://registry.yarnpkg.com/json-stringify-safe/-/json-stringify-safe-5.0.1.tgz#1296a2d58fd45f19a0f6ce01d65701e2c735b6eb"
  integrity sha1-Epai1Y/UXxmg9s4B1lcB4sc1tus=

lodash@^4.17.21:
  version "4.17.21"
  resolved "https://registry.yarnpkg.com/lodash/-/lodash-4.17.21.tgz#679591c564c3bffaae8454cf0b3df370c3d6911c"
  integrity sha512-v2kDEe57lecTulaDIuNTPy3Ry4gLGJ6Z1O3vE1krgXZNrsQ+LFTGHVxVjcXPs17LhbZVGedAJv8XZ1tvj5FvSg==

mock-socket@^9.2.1:
  version "9.2.1"
  resolved "https://registry.yarnpkg.com/mock-socket/-/mock-socket-9.2.1.tgz#cc9c0810aa4d0afe02d721dcb2b7e657c00e2282"
  integrity sha512-aw9F9T9G2zpGipLLhSNh6ZpgUyUl4frcVmRN08uE1NWPWg43Wx6+sGPDbQ7E5iFZZDJW5b5bypMeAEHqTbIFag==

ms@2.1.2:
  version "2.1.2"
  resolved "https://registry.yarnpkg.com/ms/-/ms-2.1.2.tgz#d09d1f357b443f493382a8eb3ccd183872ae6009"
  integrity sha512-sGkPx+VjMtmA6MX27oA4FBFELFCZZ4S4XqeGOXCv68tT+jb3vk/RyaKWP0PTKyWtmLSM0b+adUTEvbs1PEaH2w==

nock@^13.3.1:
  version "13.3.1"
  resolved "https://registry.yarnpkg.com/nock/-/nock-13.3.1.tgz#f22d4d661f7a05ebd9368edae1b5dc0a62d758fc"
  integrity sha512-vHnopocZuI93p2ccivFyGuUfzjq2fxNyNurp7816mlT5V5HF4SzXu8lvLrVzBbNqzs+ODooZ6OksuSUNM7Njkw==
  dependencies:
    debug "^4.1.0"
    json-stringify-safe "^5.0.1"
    lodash "^4.17.21"
    propagate "^2.0.0"

node-domexception@^1.0.0:
  version "1.0.0"
  resolved "https://registry.yarnpkg.com/node-domexception/-/node-domexception-1.0.0.tgz#6888db46a1f71c0b76b3f7555016b63fe64766e5"
  integrity sha512-/jKZoMpw0F8GRwl4/eLROPA3cfcXtLApP0QzLmUT/HuPCZWyB7IY9ZrMeKw2O/nFIqPQB3PVM9aYm0F312AXDQ==

node-fetch@^3.3.1:
  version "3.3.1"
  resolved "https://registry.yarnpkg.com/node-fetch/-/node-fetch-3.3.1.tgz#b3eea7b54b3a48020e46f4f88b9c5a7430d20b2e"
  integrity sha512-cRVc/kyto/7E5shrWca1Wsea4y6tL9iYJE5FBCius3JQfb/4P4I295PfhgbJQBLTx6lATE4z+wK0rPM4VS2uow==
  dependencies:
    data-uri-to-buffer "^4.0.0"
    fetch-blob "^3.1.4"
    formdata-polyfill "^4.0.10"

pako@^2.0.4:
  version "2.1.0"
  resolved "https://registry.yarnpkg.com/pako/-/pako-2.1.0.tgz#266cc37f98c7d883545d11335c00fbd4062c9a86"
  integrity sha512-w+eufiZ1WuJYgPXbV/PO3NCMEc3xqylkKHzp8bxp1uW4qaSNQUkwmLLEc3kKsfz8lpV1F8Ht3U1Cm+9Srog2ug==

propagate@^2.0.0:
  version "2.0.1"
  resolved "https://registry.yarnpkg.com/propagate/-/propagate-2.0.1.tgz#40cdedab18085c792334e64f0ac17256d38f9a45"
  integrity sha512-vGrhOavPSTz4QVNuBNdcNXePNdNMaO1xj9yBeH1ScQPjk/rhg9sSlCXPhMkFuaNNW/syTvYqsnbIJxMBfRbbag==

rxjs@^7.8.1:
  version "7.8.1"
  resolved "https://registry.yarnpkg.com/rxjs/-/rxjs-7.8.1.tgz#6f6f3d99ea8044291efd92e7c7fcf562c4057543"
  integrity sha512-AA3TVj+0A2iuIoQkWEK/tqFjBq2j+6PO6Y0zJcvzLAFhEFIO3HL0vls9hWLncZbAAbK0mar7oZ4V079I/qPMxg==
  dependencies:
    tslib "^2.1.0"

smoldot@1.0.4:
  version "1.0.4"
  resolved "https://registry.yarnpkg.com/smoldot/-/smoldot-1.0.4.tgz#e4c38cedad68d699a11b5b9ce72bb75c891bfd98"
  integrity sha512-N3TazI1C4GGrseFH/piWyZCCCRJTRx2QhDfrUKRT4SzILlW5m8ayZ3QTKICcz1C/536T9cbHHJyP7afxI6Mi1A==
  dependencies:
    pako "^2.0.4"
    ws "^8.8.1"

tslib@^2.1.0:
  version "2.3.1"
  resolved "https://registry.yarnpkg.com/tslib/-/tslib-2.3.1.tgz#e8a335add5ceae51aa261d32a490158ef042ef01"
  integrity sha512-77EbyPPpMz+FRFRuAFlWMtmgUWGe9UOG2Z25NqCwiIjRhOf5iKGuzSe5P2w1laq+FkRy4p+PCuVkJSGkzTEKVw==

tslib@^2.5.0:
  version "2.5.0"
  resolved "https://registry.yarnpkg.com/tslib/-/tslib-2.5.0.tgz#42bfed86f5787aeb41d031866c8f402429e0fddf"
  integrity sha512-336iVw3rtn2BUK7ORdIAHTyxHGRIHVReokCR3XjbckJMK7ms8FysBfhLR8IXnAgy7T0PTPNBWKiH514FOW/WSg==

tslib@^2.5.2:
  version "2.5.2"
  resolved "https://registry.yarnpkg.com/tslib/-/tslib-2.5.2.tgz#1b6f07185c881557b0ffa84b111a0106989e8338"
  integrity sha512-5svOrSA2w3iGFDs1HibEVBGbDrAY82bFQ3HZ3ixB+88nsbsWQoKqDRb5UBYAUPEzbBn6dAp5gRNXglySbx1MlA==

web-streams-polyfill@^3.0.3:
  version "3.2.1"
  resolved "https://registry.yarnpkg.com/web-streams-polyfill/-/web-streams-polyfill-3.2.1.tgz#71c2718c52b45fd49dbeee88634b3a60ceab42a6"
  integrity sha512-e0MO3wdXWKrLbL0DgGnUV7WHVuw9OUvL4hjgnPkIeEvESk74gAITi5G606JtZPp39cd8HA9VQzCIvA49LpPN5Q==

ws@^8.13.0, ws@^8.8.1:
  version "8.13.0"
  resolved "https://registry.yarnpkg.com/ws/-/ws-8.13.0.tgz#9a9fb92f93cf41512a0735c8f4dd09b8a1211cd0"
  integrity sha512-x9vcZYTrFPC7aSIbj7sRCYo7L/Xb8Iy+pW0ng0wt2vCJv7M9HOMy0UoN3rr+IFC7hb7vXoqS+P9ktyLLLhO+LA==
