# THIS IS AN AUTOGENERATED FILE. DO NOT EDIT THIS FILE DIRECTLY.
# yarn lockfile v1


"@babel/runtime@^7.16.3", "@babel/runtime@^7.17.2":
  version "7.17.2"
  resolved "https://registry.yarnpkg.com/@babel/runtime/-/runtime-7.17.2.tgz#66f68591605e59da47523c631416b18508779941"
  integrity sha512-hzeyJyMA1YGdJTuWU0e/j4wKXrU4OMFvY2MSlaI9B7VQb0r5cxTE3EAIS2Q7Tn2RIcDkRvTA/v2JsAEhxe99uw==
  dependencies:
    regenerator-runtime "^0.13.4"

"@noble/hashes@1.0.0":
  version "1.0.0"
  resolved "https://registry.yarnpkg.com/@noble/hashes/-/hashes-1.0.0.tgz#d5e38bfbdaba174805a4e649f13be9a9ed3351ae"
  integrity sha512-DZVbtY62kc3kkBtMHqwCOfXrT/hnoORy5BJ4+HU1IR59X0KWAOqsfzQPcUl/lQLlG7qXbe/fZ3r/emxtAl+sqg==

"@noble/secp256k1@1.5.2":
  version "1.5.2"
  resolved "https://registry.yarnpkg.com/@noble/secp256k1/-/secp256k1-1.5.2.tgz#40399e4fba54f588fda14fc03a4499044fdcab24"
  integrity sha512-5mzA40W2q55VCRuC9XzmkiEnODdY0c5a7qsK2QcOfI5/MuVQyBaWGQyE6YOEF7kDwp+tDVWGsCDVJUME+wsWWw==

"@polkadot/api-augment@7.11.1":
  version "7.11.1"
  resolved "https://registry.yarnpkg.com/@polkadot/api-augment/-/api-augment-7.11.1.tgz#9866afe3281ae8371c8c645e73e848bac1f6fcd3"
  integrity sha512-CqtmRZsr7va45r/wnsH+NZMqPyUQv46fmiHxt5gq6NC4p0ziDEVVDDHLlABx5RhQzCvdiBAccZ/X8DyMCFFGEA==
  dependencies:
    "@babel/runtime" "^7.17.2"
    "@polkadot/api-base" "7.11.1"
    "@polkadot/rpc-augment" "7.11.1"
    "@polkadot/types" "7.11.1"
    "@polkadot/types-augment" "7.11.1"
    "@polkadot/types-codec" "7.11.1"
    "@polkadot/util" "^8.4.1"

"@polkadot/api-base@7.11.1":
  version "7.11.1"
  resolved "https://registry.yarnpkg.com/@polkadot/api-base/-/api-base-7.11.1.tgz#fb27a7c33808a8f6542b322ffb3c6702a9e15ea8"
  integrity sha512-MATI9tm0x3rRlipLMevWzJ4cGvMyrUGyOfwjMg3Z67U7atZgZ93LzowjzDcvSgFVM14d1tBOVWBKkCKnk7C6Zg==
  dependencies:
    "@babel/runtime" "^7.17.2"
    "@polkadot/rpc-core" "7.11.1"
    "@polkadot/types" "7.11.1"
    "@polkadot/util" "^8.4.1"
    rxjs "^7.5.4"

"@polkadot/api-derive@7.11.1":
  version "7.11.1"
  resolved "https://registry.yarnpkg.com/@polkadot/api-derive/-/api-derive-7.11.1.tgz#ede6119577b08d6c94767551dc6ad17c6be64149"
  integrity sha512-py7pqs5mLaKPNDvRZ7BcUC7obsbLIuzJT/kZFiGzJXmaObSzU2lJkGD7fV34QlpmGP+Bqb4KtlhtY+Tnq33C0w==
  dependencies:
    "@babel/runtime" "^7.17.2"
    "@polkadot/api" "7.11.1"
    "@polkadot/api-augment" "7.11.1"
    "@polkadot/api-base" "7.11.1"
    "@polkadot/rpc-core" "7.11.1"
    "@polkadot/types" "7.11.1"
    "@polkadot/types-codec" "7.11.1"
    "@polkadot/util" "^8.4.1"
    "@polkadot/util-crypto" "^8.4.1"
    rxjs "^7.5.4"

"@polkadot/api@7.11.1", "@polkadot/api@^7.6.1":
  version "7.11.1"
  resolved "https://registry.yarnpkg.com/@polkadot/api/-/api-7.11.1.tgz#0aeb86319a14a9a2a071476e6a47ee3d6b8e116c"
  integrity sha512-VTrhVuSJrWhIww1ofYPd7EhJd1UwKntfdPNRuy/abfb6GPzYCglKV6Sze3CsbI2KawC5oo1K7Ffrdf/lJy81kg==
  dependencies:
    "@babel/runtime" "^7.17.2"
    "@polkadot/api-augment" "7.11.1"
    "@polkadot/api-base" "7.11.1"
    "@polkadot/api-derive" "7.11.1"
    "@polkadot/keyring" "^8.4.1"
    "@polkadot/rpc-augment" "7.11.1"
    "@polkadot/rpc-core" "7.11.1"
    "@polkadot/rpc-provider" "7.11.1"
    "@polkadot/types" "7.11.1"
    "@polkadot/types-augment" "7.11.1"
    "@polkadot/types-codec" "7.11.1"
    "@polkadot/types-create" "7.11.1"
    "@polkadot/types-known" "7.11.1"
    "@polkadot/util" "^8.4.1"
    "@polkadot/util-crypto" "^8.4.1"
    eventemitter3 "^4.0.7"
    rxjs "^7.5.4"

"@polkadot/keyring@^8.4.1":
  version "8.4.1"
  resolved "https://registry.yarnpkg.com/@polkadot/keyring/-/keyring-8.4.1.tgz#71098121c60a05e1ad33653fcc521c52f22ad1b8"
  integrity sha512-0qfS7qikUxhe6LEdCOcMRdCxEa26inJ5aSUWaf5dXy+dgy9VJiov6uXAbXdAd1UHpDvr9hvw94FX+hXsJ7Vsyw==
  dependencies:
    "@babel/runtime" "^7.17.2"
    "@polkadot/util" "8.4.1"
    "@polkadot/util-crypto" "8.4.1"

"@polkadot/networks@8.4.1", "@polkadot/networks@^8.4.1":
  version "8.4.1"
  resolved "https://registry.yarnpkg.com/@polkadot/networks/-/networks-8.4.1.tgz#c22585edb38f5ae0a329a1f471577d8b35bf64e4"
  integrity sha512-YFY3fPLbc1Uz9zsX4TOzjY/FF09nABMgrMkvqddrVbSgo71NvoBv3Gqw3mKV/7bX1Gzk1ODfvTzamdpsKEWSnA==
  dependencies:
    "@babel/runtime" "^7.17.2"
    "@polkadot/util" "8.4.1"
    "@substrate/ss58-registry" "^1.14.0"

"@polkadot/rpc-augment@7.11.1":
  version "7.11.1"
  resolved "https://registry.yarnpkg.com/@polkadot/rpc-augment/-/rpc-augment-7.11.1.tgz#c77bbdae20e3933ddd2d8eea243a215e35a6861f"
  integrity sha512-cP/g6dM5Rmdeno+sOi/PBvAEycRoi/UI1MOKb0lVhlFJayw/uyGOhHtPKOnLh2fyDJ/q66HO3pu6aem3ORFwhQ==
  dependencies:
    "@babel/runtime" "^7.17.2"
    "@polkadot/rpc-core" "7.11.1"
    "@polkadot/types" "7.11.1"
    "@polkadot/types-codec" "7.11.1"
    "@polkadot/util" "^8.4.1"

"@polkadot/rpc-core@7.11.1":
  version "7.11.1"
  resolved "https://registry.yarnpkg.com/@polkadot/rpc-core/-/rpc-core-7.11.1.tgz#079f2c70e09015d01bfec92f06993a5538399072"
  integrity sha512-Bp71BwOSPT4/xmYWn9e9/ikGKYYmltbceVwa0MJiuKI0Xd5YntjtJVov17Fqlt+eddkLGt74750paykvHDJWWQ==
  dependencies:
    "@babel/runtime" "^7.17.2"
    "@polkadot/rpc-augment" "7.11.1"
    "@polkadot/rpc-provider" "7.11.1"
    "@polkadot/types" "7.11.1"
    "@polkadot/util" "^8.4.1"
    rxjs "^7.5.4"

"@polkadot/rpc-provider@7.11.1":
  version "7.11.1"
  resolved "https://registry.yarnpkg.com/@polkadot/rpc-provider/-/rpc-provider-7.11.1.tgz#f0cf70c4fa3b69fb96aafbed07f8d5725db9cca8"
  integrity sha512-07Mg+r9swMjNISDK8ntDI5gFZU8rtHeoB27/qQwZzcWugogva8rNhaInBikZPKlF7yxM6l2VMaQnOziKUNsnRw==
  dependencies:
    "@babel/runtime" "^7.17.2"
    "@polkadot/keyring" "^8.4.1"
    "@polkadot/types" "7.11.1"
    "@polkadot/types-support" "7.11.1"
    "@polkadot/util" "^8.4.1"
    "@polkadot/util-crypto" "^8.4.1"
    "@polkadot/x-fetch" "^8.4.1"
    "@polkadot/x-global" "^8.4.1"
    "@polkadot/x-ws" "^8.4.1"
    eventemitter3 "^4.0.7"
    mock-socket "^9.1.2"
    nock "^13.2.4"

"@polkadot/types-augment@7.11.1":
  version "7.11.1"
  resolved "https://registry.yarnpkg.com/@polkadot/types-augment/-/types-augment-7.11.1.tgz#2c56779dbd1cff509609db912fcc2575e0983828"
  integrity sha512-jCnZ/eMkLaqSKl5q4JwBxslhAaJSSNHt04reZRs1i2jlC2UVgiFN1Rr5GJmHYAwDPoFcge/rAm6bckfhXUIdOw==
  dependencies:
    "@babel/runtime" "^7.17.2"
    "@polkadot/types" "7.11.1"
    "@polkadot/types-codec" "7.11.1"
    "@polkadot/util" "^8.4.1"

"@polkadot/types-codec@7.11.1":
  version "7.11.1"
  resolved "https://registry.yarnpkg.com/@polkadot/types-codec/-/types-codec-7.11.1.tgz#4cfcd8ab81f6ba510a984c08eb11861b33acab38"
  integrity sha512-rDM/FYcnou2Chy+urd7U41lcjM6jWUEUydyP9NuTOSAamCGtH0eKw52GURKTsKTT5r8wJdPMKv/yNxs1i+l5Lw==
  dependencies:
    "@babel/runtime" "^7.17.2"
    "@polkadot/util" "^8.4.1"

"@polkadot/types-create@7.11.1":
  version "7.11.1"
  resolved "https://registry.yarnpkg.com/@polkadot/types-create/-/types-create-7.11.1.tgz#878b5bdf278ca9456195980aa91957979a4e9342"
  integrity sha512-nVYaJC/IDsM4WM9WGjAI7qQ9scPSlBqqzwqLdvXCJeq3trOTt68x39DD0zp0hzJ/7MeXjPToDDWjpAF0B9mWSQ==
  dependencies:
    "@babel/runtime" "^7.17.2"
    "@polkadot/types-codec" "7.11.1"
    "@polkadot/util" "^8.4.1"

"@polkadot/types-known@7.11.1":
  version "7.11.1"
  resolved "https://registry.yarnpkg.com/@polkadot/types-known/-/types-known-7.11.1.tgz#55c42aae31813360ea54e438a761b0c48392f148"
  integrity sha512-BBqQxG7I+wUjeLby1u5p9aSoZ5Vy0oCwmm/aKN64JH9vBEz1OOA0pRdcCooGCG/884Wb5pRpacWTepQMQkOTLw==
  dependencies:
    "@babel/runtime" "^7.17.2"
    "@polkadot/networks" "^8.4.1"
    "@polkadot/types" "7.11.1"
    "@polkadot/types-codec" "7.11.1"
    "@polkadot/types-create" "7.11.1"
    "@polkadot/util" "^8.4.1"

"@polkadot/types-support@7.11.1":
  version "7.11.1"
  resolved "https://registry.yarnpkg.com/@polkadot/types-support/-/types-support-7.11.1.tgz#509d942c8a9c0670a20b77fc1c98c97b7151b75e"
  integrity sha512-pJmDUHK7DOO6mjpntxq9Lq0tjvqwc15FrrrNbuENgRiOueRqcAlzv+V80wdzoIBUwINgKphtpzu+rdQIYsVVQg==
  dependencies:
    "@babel/runtime" "^7.17.2"
    "@polkadot/util" "^8.4.1"

"@polkadot/types@7.11.1":
  version "7.11.1"
  resolved "https://registry.yarnpkg.com/@polkadot/types/-/types-7.11.1.tgz#aefdd0efa98b43ebf516947a845e12fc5d63e9ae"
  integrity sha512-jxVrxIbsSfH9xK1Q3vaCfJmbkm0OlvoXz0GxdP5RJ7dQnxlNYWQUXanFkKebbRL8gSEs1wSRVccil/TSH65Nvg==
  dependencies:
    "@babel/runtime" "^7.17.2"
    "@polkadot/keyring" "^8.4.1"
    "@polkadot/types-augment" "7.11.1"
    "@polkadot/types-codec" "7.11.1"
    "@polkadot/types-create" "7.11.1"
    "@polkadot/util" "^8.4.1"
    "@polkadot/util-crypto" "^8.4.1"
    rxjs "^7.5.4"

"@polkadot/util-crypto@8.4.1", "@polkadot/util-crypto@^8.3.3", "@polkadot/util-crypto@^8.4.1":
  version "8.4.1"
  resolved "https://registry.yarnpkg.com/@polkadot/util-crypto/-/util-crypto-8.4.1.tgz#41ff754dc995b681913fc0a484bb0d309221a703"
  integrity sha512-mWjp83aIWw+EhKN9RkUDmubXibo25q5yHJl4BGm2gT71yTZcABB7q1SGfpDqLH9AB3eXJiutqhC4L3SH7YZ+6Q==
  dependencies:
    "@babel/runtime" "^7.17.2"
    "@noble/hashes" "1.0.0"
    "@noble/secp256k1" "1.5.2"
    "@polkadot/networks" "8.4.1"
    "@polkadot/util" "8.4.1"
    "@polkadot/wasm-crypto" "^4.5.1"
    "@polkadot/x-bigint" "8.4.1"
    "@polkadot/x-randomvalues" "8.4.1"
    "@scure/base" "1.0.0"
    ed2curve "^0.3.0"
    tweetnacl "^1.0.3"

"@polkadot/util@8.4.1", "@polkadot/util@^8.4.1":
  version "8.4.1"
  resolved "https://registry.yarnpkg.com/@polkadot/util/-/util-8.4.1.tgz#b84835c55585c8b5fc5608a99aa62ac815292ae7"
  integrity sha512-8+wqHgFbFWI5TfrvtcL888w0nWvFpbTTYIcbpEw+zYGp3n1YZTAMMP26bXWAaQX5AttxynJRij7JP3ySxYY1fg==
  dependencies:
    "@babel/runtime" "^7.17.2"
    "@polkadot/x-bigint" "8.4.1"
    "@polkadot/x-global" "8.4.1"
    "@polkadot/x-textdecoder" "8.4.1"
    "@polkadot/x-textencoder" "8.4.1"
    "@types/bn.js" "^5.1.0"
    bn.js "^5.2.0"
    ip-regex "^4.3.0"

"@polkadot/util@^7.6.1":
  version "7.9.2"
  resolved "https://registry.yarnpkg.com/@polkadot/util/-/util-7.9.2.tgz#567ac659516d6b685ed7e796919901d92e5cbe6b"
  integrity sha512-6ABY6ErgkCsM4C6+X+AJSY4pBGwbKlHZmUtHftaiTvbaj4XuA4nTo3GU28jw8wY0Jh2cJZJvt6/BJ5GVkm5tBA==
  dependencies:
    "@babel/runtime" "^7.16.3"
    "@polkadot/x-textdecoder" "7.9.2"
    "@polkadot/x-textencoder" "7.9.2"
    "@types/bn.js" "^4.11.6"
    bn.js "^4.12.0"
    camelcase "^6.2.1"
    ip-regex "^4.3.0"

"@polkadot/wasm-crypto-asmjs@^4.5.1":
  version "4.5.1"
  resolved "https://registry.yarnpkg.com/@polkadot/wasm-crypto-asmjs/-/wasm-crypto-asmjs-4.5.1.tgz#e1025a49e106db11d1187caf65f56c960ea2ad2b"
  integrity sha512-DOdRiWhxVvmqTvp+E9z1j+Yr0zDOGsDvqnT/eNw0Dl1FVUOImsEa7FKns/urASmcxCVEE1jtUWSnij29jrORMQ==
  dependencies:
    "@babel/runtime" "^7.16.3"

"@polkadot/wasm-crypto-wasm@^4.5.1":
  version "4.5.1"
  resolved "https://registry.yarnpkg.com/@polkadot/wasm-crypto-wasm/-/wasm-crypto-wasm-4.5.1.tgz#063a58ff7ddd939b7886a6a238109a8d2c416e46"
  integrity sha512-hPwke85HxpgG/RAlwdCE8u5w7bThvWg399mlB+XjogXMxOUWBZSgq2XYbgzROUXx27inK9nStF4Pnc4zJnqs9A==
  dependencies:
    "@babel/runtime" "^7.16.3"

"@polkadot/wasm-crypto@^4.5.1":
  version "4.5.1"
  resolved "https://registry.yarnpkg.com/@polkadot/wasm-crypto/-/wasm-crypto-4.5.1.tgz#e1ac6d846a0ad8e991cec128994524183ef6e8fd"
  integrity sha512-Cr21ais3Kq3aedIHZ3J1tjgeD/+K8FCiwEawr0oRywNBSJR8wyuZMePs4swR/6xm8wbBkpqoBVHz/UQHqqQJmA==
  dependencies:
    "@babel/runtime" "^7.16.3"
    "@polkadot/wasm-crypto-asmjs" "^4.5.1"
    "@polkadot/wasm-crypto-wasm" "^4.5.1"

"@polkadot/x-bigint@8.4.1":
  version "8.4.1"
  resolved "https://registry.yarnpkg.com/@polkadot/x-bigint/-/x-bigint-8.4.1.tgz#d3ccddd26cdc5413f5c722d8c53ec523299e3ff1"
  integrity sha512-QVP0UMoM0nBD998s3ESeaoSiVMEnHK3x0CCqocKO4l7ADNw8lfWdDG7Bb0+ymNaFYGz2KgEWxkN0VhNEnXzo0w==
  dependencies:
    "@babel/runtime" "^7.17.2"
    "@polkadot/x-global" "8.4.1"

"@polkadot/x-fetch@^8.4.1":
  version "8.4.1"
  resolved "https://registry.yarnpkg.com/@polkadot/x-fetch/-/x-fetch-8.4.1.tgz#7254cdb70b61aea79debd7d0c9ae5e126f78d90d"
  integrity sha512-DPkgXZYt1B4xCzEw/3hxRc4/lR+NEr/b/GYijSPM8UsVoEKqHWTx2qCXrxvmKh1WD9reQ+oUACPVjRcBz5bs+g==
  dependencies:
    "@babel/runtime" "^7.17.2"
    "@polkadot/x-global" "8.4.1"
    "@types/node-fetch" "^2.5.12"
    node-fetch "^2.6.7"

"@polkadot/x-global@7.9.2":
  version "7.9.2"
  resolved "https://registry.yarnpkg.com/@polkadot/x-global/-/x-global-7.9.2.tgz#b272b0a3bedaad3bcbf075ec4682abe68cf2a850"
  integrity sha512-JX5CrGWckHf1P9xKXq4vQCAuMUbL81l2hOWX7xeP8nv4caHEpmf5T1wD1iMdQBL5PFifo6Pg0V6/oZBB+bts7A==
  dependencies:
    "@babel/runtime" "^7.16.3"

"@polkadot/x-global@8.4.1", "@polkadot/x-global@^8.4.1":
  version "8.4.1"
  resolved "https://registry.yarnpkg.com/@polkadot/x-global/-/x-global-8.4.1.tgz#61def1f5962001200c17b9fde92f6837736b3c55"
  integrity sha512-MQs89LKQrJwiXjV7dY2kDOPNaiWrwaQ/Fzg93ycB2xMCclRV1jRFRhnhTPJ8Ao79lhCCoazd7pXIyFgfifxdqg==
  dependencies:
    "@babel/runtime" "^7.17.2"

"@polkadot/x-randomvalues@8.4.1":
  version "8.4.1"
  resolved "https://registry.yarnpkg.com/@polkadot/x-randomvalues/-/x-randomvalues-8.4.1.tgz#4488d2d6b982e7b2ecafc573cd25e3f1e85a512c"
  integrity sha512-1dRIFIib4RzyVo0k5oMLuxqSuZEV6UVvvN+jJw9G/9P1ggZtHjM1KwoFcyHgvpk2RWTB9eJZFemwSvQTpdmSJw==
  dependencies:
    "@babel/runtime" "^7.17.2"
    "@polkadot/x-global" "8.4.1"

"@polkadot/x-textdecoder@7.9.2":
  version "7.9.2"
  resolved "https://registry.yarnpkg.com/@polkadot/x-textdecoder/-/x-textdecoder-7.9.2.tgz#a78548e33efeb3a25f761fec9787b2bcae7f0608"
  integrity sha512-wfwbSHXPhrOAl12QvlIOGNkMH/N/h8PId2ytIjvM/8zPPFB5Il6DWSFLtVapOGEpIFjEWbd5t8Td4pHBVXIEbg==
  dependencies:
    "@babel/runtime" "^7.16.3"
    "@polkadot/x-global" "7.9.2"

"@polkadot/x-textdecoder@8.4.1":
  version "8.4.1"
  resolved "https://registry.yarnpkg.com/@polkadot/x-textdecoder/-/x-textdecoder-8.4.1.tgz#5a227006d183f5ec3a8a331ca38e4969d24c4a97"
  integrity sha512-qbSXyR2KvE1bO6QGsxWU3Yrx5e70rX2lwv0MHG++MyyNaDoBM3hjx14lF911bYRWXR6MW4eZ+0Nakn0oM5uSKw==
  dependencies:
    "@babel/runtime" "^7.17.2"
    "@polkadot/x-global" "8.4.1"

"@polkadot/x-textencoder@7.9.2":
  version "7.9.2"
  resolved "https://registry.yarnpkg.com/@polkadot/x-textencoder/-/x-textencoder-7.9.2.tgz#b32bfd6fbff8587c56452f58252a52d62bbcd5b9"
  integrity sha512-A19wwYINuZwU2dUyQ/mMzB0ISjyfc4cISfL4zCMUAVgj7xVoXMYV2GfjNdMpA8Wsjch3su6pxLbtJ2wU03sRTQ==
  dependencies:
    "@babel/runtime" "^7.16.3"
    "@polkadot/x-global" "7.9.2"

"@polkadot/x-textencoder@8.4.1":
  version "8.4.1"
  resolved "https://registry.yarnpkg.com/@polkadot/x-textencoder/-/x-textencoder-8.4.1.tgz#ea01733ce6b80821bf8af943a1d98878a9150af5"
  integrity sha512-1UYuckNOk6NUk70Y/SGbK8oyGbqPlrny1x2OWoK/BT3/tyL2xKVV5TlXDOiFrX1PChbskXye5M8blCTYikFiJg==
  dependencies:
    "@babel/runtime" "^7.17.2"
    "@polkadot/x-global" "8.4.1"

"@polkadot/x-ws@^8.4.1":
  version "8.4.1"
  resolved "https://registry.yarnpkg.com/@polkadot/x-ws/-/x-ws-8.4.1.tgz#502fc034588cd81ed9dc0301ca70197bf3d78799"
  integrity sha512-u9rsJdVrBkSARy8BhJPho1yMMBSiI/Z/W8ZQRr1I28/QOwl02VYktFpFWWrhkBHsL9JlZ0wfnyKBPXrw8Wp2Vw==
  dependencies:
    "@babel/runtime" "^7.17.2"
    "@polkadot/x-global" "8.4.1"
    "@types/websocket" "^1.0.5"
    websocket "^1.0.34"

"@scure/base@1.0.0":
  version "1.0.0"
  resolved "https://registry.yarnpkg.com/@scure/base/-/base-1.0.0.tgz#109fb595021de285f05a7db6806f2f48296fcee7"
  integrity sha512-gIVaYhUsy+9s58m/ETjSJVKHhKTBMmcRb9cEV5/5dwvfDlfORjKrFsDeDHWRrm6RjcPvCLZFwGJjAjLj1gg4HA==

"@substrate/ss58-registry@^1.14.0":
  version "1.15.0"
  resolved "https://registry.yarnpkg.com/@substrate/ss58-registry/-/ss58-registry-1.15.0.tgz#211c7c9e5cbcbfb6ee9c300efd719a038af38c36"
  integrity sha512-UU5uN8HEp0NM22od6kHWLltX0McQPgPX6O3gj7fSf1mMExsCS5fzW88gv1WaVaT8Q+umvGgnIAF7+Tvp8fqTFw==

"@types/bn.js@^4.11.6":
  version "4.11.6"
  resolved "https://registry.yarnpkg.com/@types/bn.js/-/bn.js-4.11.6.tgz#c306c70d9358aaea33cd4eda092a742b9505967c"
  integrity sha512-pqr857jrp2kPuO9uRjZ3PwnJTjoQy+fcdxvBTvHm6dkmEL9q+hDD/2j/0ELOBPtPnS8LjCX0gI9nbl8lVkadpg==
  dependencies:
    "@types/node" "*"

"@types/bn.js@^5.1.0":
  version "5.1.0"
  resolved "https://registry.yarnpkg.com/@types/bn.js/-/bn.js-5.1.0.tgz#32c5d271503a12653c62cf4d2b45e6eab8cebc68"
  integrity sha512-QSSVYj7pYFN49kW77o2s9xTCwZ8F2xLbjLLSEVh8D2F4JUhZtPAGOFLTD+ffqksBx/u4cE/KImFjyhqCjn/LIA==
  dependencies:
    "@types/node" "*"

"@types/node-fetch@^2.5.12":
  version "2.6.1"
  resolved "https://registry.yarnpkg.com/@types/node-fetch/-/node-fetch-2.6.1.tgz#8f127c50481db65886800ef496f20bbf15518975"
  integrity sha512-oMqjURCaxoSIsHSr1E47QHzbmzNR5rK8McHuNb11BOM9cHcIK3Avy0s/b2JlXHoQGTYS3NsvWzV1M0iK7l0wbA==
  dependencies:
    "@types/node" "*"
    form-data "^3.0.0"

"@types/node@*":
  version "17.0.21"
  resolved "https://registry.yarnpkg.com/@types/node/-/node-17.0.21.tgz#864b987c0c68d07b4345845c3e63b75edd143644"
  integrity sha512-DBZCJbhII3r90XbQxI8Y9IjjiiOGlZ0Hr32omXIZvwwZ7p4DMMXGrKXVyPfuoBOri9XNtL0UK69jYIBIsRX3QQ==

"@types/websocket@^1.0.5":
  version "1.0.5"
  resolved "https://registry.yarnpkg.com/@types/websocket/-/websocket-1.0.5.tgz#3fb80ed8e07f88e51961211cd3682a3a4a81569c"
  integrity sha512-NbsqiNX9CnEfC1Z0Vf4mE1SgAJ07JnRYcNex7AJ9zAVzmiGHmjKFEk7O4TJIsgv2B1sLEb6owKFZrACwdYngsQ==
  dependencies:
    "@types/node" "*"

asynckit@^0.4.0:
  version "0.4.0"
  resolved "https://registry.yarnpkg.com/asynckit/-/asynckit-0.4.0.tgz#c79ed97f7f34cb8f2ba1bc9790bcc366474b4b79"
  integrity sha1-x57Zf380y48robyXkLzDZkdLS3k=

bn.js@^4.12.0:
  version "4.12.0"
  resolved "https://registry.yarnpkg.com/bn.js/-/bn.js-4.12.0.tgz#775b3f278efbb9718eec7361f483fb36fbbfea88"
  integrity sha512-c98Bf3tPniI+scsdk237ku1Dc3ujXQTSgyiPUDEOe7tRkhrqridvh8klBv0HCEso1OLOYcHuCv/cS6DNxKH+ZA==

bn.js@^5.2.0:
  version "5.2.0"
  resolved "https://registry.yarnpkg.com/bn.js/-/bn.js-5.2.0.tgz#358860674396c6997771a9d051fcc1b57d4ae002"
  integrity sha512-D7iWRBvnZE8ecXiLj/9wbxH7Tk79fAh8IHaTNq1RWRixsS02W+5qS+iE9yq6RYl0asXx5tw0bLhmT5pIfbSquw==

bufferutil@^4.0.1:
  version "4.0.6"
  resolved "https://registry.yarnpkg.com/bufferutil/-/bufferutil-4.0.6.tgz#ebd6c67c7922a0e902f053e5d8be5ec850e48433"
  integrity sha512-jduaYOYtnio4aIAyc6UbvPCVcgq7nYpVnucyxr6eCYg/Woad9Hf/oxxBRDnGGjPfjUm6j5O/uBWhIu4iLebFaw==
  dependencies:
    node-gyp-build "^4.3.0"

camelcase@^6.2.1:
  version "6.3.0"
  resolved "https://registry.yarnpkg.com/camelcase/-/camelcase-6.3.0.tgz#5685b95eb209ac9c0c177467778c9c84df58ba9a"
  integrity sha512-Gmy6FhYlCY7uOElZUSbxo2UCDH8owEk996gkbrpsgGtrJLM3J7jGxl9Ic7Qwwj4ivOE5AWZWRMecDdF7hqGjFA==

combined-stream@^1.0.8:
  version "1.0.8"
  resolved "https://registry.yarnpkg.com/combined-stream/-/combined-stream-1.0.8.tgz#c3d45a8b34fd730631a110a8a2520682b31d5a7f"
  integrity sha512-FQN4MRfuJeHf7cBbBMJFXhKSDq+2kAArBlmRBvcvFE5BB1HZKXtSFASDhdlz9zOYwxh8lDdnvmMOe/+5cdoEdg==
  dependencies:
    delayed-stream "~1.0.0"

d@1, d@^1.0.1:
  version "1.0.1"
  resolved "https://registry.yarnpkg.com/d/-/d-1.0.1.tgz#8698095372d58dbee346ffd0c7093f99f8f9eb5a"
  integrity sha512-m62ShEObQ39CfralilEQRjH6oAMtNCV1xJyEx5LpRYUVN+EviphDgUc/F3hnYbADmkiNs67Y+3ylmlG7Lnu+FA==
  dependencies:
    es5-ext "^0.10.50"
    type "^1.0.1"

debug@^2.2.0:
  version "2.6.9"
  resolved "https://registry.yarnpkg.com/debug/-/debug-2.6.9.tgz#5d128515df134ff327e90a4c93f4e077a536341f"
  integrity sha512-bC7ElrdJaJnPbAP+1EotYvqZsb3ecl5wi6Bfi6BJTUcNowp6cvspg0jXznRTKDjm/E7AdgFBVeAPVMNcKGsHMA==
  dependencies:
    ms "2.0.0"

debug@^4.1.0:
  version "4.3.3"
  resolved "https://registry.yarnpkg.com/debug/-/debug-4.3.3.tgz#04266e0b70a98d4462e6e288e38259213332b664"
  integrity sha512-/zxw5+vh1Tfv+4Qn7a5nsbcJKPaSvCDhojn6FEl9vupwK2VCSDtEiEtqr8DFtzYFOdz63LBkxec7DYuc2jon6Q==
  dependencies:
    ms "2.1.2"

delayed-stream@~1.0.0:
  version "1.0.0"
  resolved "https://registry.yarnpkg.com/delayed-stream/-/delayed-stream-1.0.0.tgz#df3ae199acadfb7d440aaae0b29e2272b24ec619"
  integrity sha1-3zrhmayt+31ECqrgsp4icrJOxhk=

ed2curve@^0.3.0:
  version "0.3.0"
  resolved "https://registry.yarnpkg.com/ed2curve/-/ed2curve-0.3.0.tgz#322b575152a45305429d546b071823a93129a05d"
  integrity sha512-8w2fmmq3hv9rCrcI7g9hms2pMunQr1JINfcjwR9tAyZqhtyaMN991lF/ZfHfr5tzZQ8c7y7aBgZbjfbd0fjFwQ==
  dependencies:
    tweetnacl "1.x.x"

es5-ext@^0.10.35, es5-ext@^0.10.50:
  version "0.10.57"
  resolved "https://registry.yarnpkg.com/es5-ext/-/es5-ext-0.10.57.tgz#440574256186e2bf22223d673087caae83edabd2"
  integrity sha512-L7cCNoPwTkAp7IBHxrKLsh7NKiVFkcdxlP9vbVw9QUvb7gF0Mz9bEBN0WY9xqdTjGF907EMT/iG013vnbqwu1Q==
  dependencies:
    es6-iterator "^2.0.3"
    es6-symbol "^3.1.3"
    next-tick "^1.1.0"

es6-iterator@^2.0.3:
  version "2.0.3"
  resolved "https://registry.yarnpkg.com/es6-iterator/-/es6-iterator-2.0.3.tgz#a7de889141a05a94b0854403b2d0a0fbfa98f3b7"
  integrity sha1-p96IkUGgWpSwhUQDstCg+/qY87c=
  dependencies:
    d "1"
    es5-ext "^0.10.35"
    es6-symbol "^3.1.1"

es6-symbol@^3.1.1, es6-symbol@^3.1.3:
  version "3.1.3"
  resolved "https://registry.yarnpkg.com/es6-symbol/-/es6-symbol-3.1.3.tgz#bad5d3c1bcdac28269f4cb331e431c78ac705d18"
  integrity sha512-NJ6Yn3FuDinBaBRWl/q5X/s4koRHBrgKAu+yGI6JCBeiu3qrcbJhwT2GeR/EXVfylRk8dpQVJoLEFhK+Mu31NA==
  dependencies:
    d "^1.0.1"
    ext "^1.1.2"

eventemitter3@^4.0.7:
  version "4.0.7"
  resolved "https://registry.yarnpkg.com/eventemitter3/-/eventemitter3-4.0.7.tgz#2de9b68f6528d5644ef5c59526a1b4a07306169f"
  integrity sha512-8guHBZCwKnFhYdHr2ysuRWErTwhoN2X8XELRlrRwpmfeY2jjuUN4taQMsULKUVo1K4DvZl+0pgfyoysHxvmvEw==

ext@^1.1.2:
  version "1.6.0"
  resolved "https://registry.yarnpkg.com/ext/-/ext-1.6.0.tgz#3871d50641e874cc172e2b53f919842d19db4c52"
  integrity sha512-sdBImtzkq2HpkdRLtlLWDa6w4DX22ijZLKx8BMPUuKe1c5lbN6xwQDQCxSfxBQnHZ13ls/FH0MQZx/q/gr6FQg==
  dependencies:
    type "^2.5.0"

form-data@^3.0.0:
  version "3.0.1"
  resolved "https://registry.yarnpkg.com/form-data/-/form-data-3.0.1.tgz#ebd53791b78356a99af9a300d4282c4d5eb9755f"
  integrity sha512-RHkBKtLWUVwd7SqRIvCZMEvAMoGUp0XU+seQiZejj0COz3RI3hWP4sCv3gZWWLjJTd7rGwcsF5eKZGii0r/hbg==
  dependencies:
    asynckit "^0.4.0"
    combined-stream "^1.0.8"
    mime-types "^2.1.12"

ip-regex@^4.3.0:
  version "4.3.0"
  resolved "https://registry.yarnpkg.com/ip-regex/-/ip-regex-4.3.0.tgz#687275ab0f57fa76978ff8f4dddc8a23d5990db5"
  integrity sha512-B9ZWJxHHOHUhUjCPrMpLD4xEq35bUTClHM1S6CBU5ixQnkZmwipwgc96vAd7AAGM9TGHvJR+Uss+/Ak6UphK+Q==

is-typedarray@^1.0.0:
  version "1.0.0"
  resolved "https://registry.yarnpkg.com/is-typedarray/-/is-typedarray-1.0.0.tgz#e479c80858df0c1b11ddda6940f96011fcda4a9a"
  integrity sha1-5HnICFjfDBsR3dppQPlgEfzaSpo=

json-stringify-safe@^5.0.1:
  version "5.0.1"
  resolved "https://registry.yarnpkg.com/json-stringify-safe/-/json-stringify-safe-5.0.1.tgz#1296a2d58fd45f19a0f6ce01d65701e2c735b6eb"
  integrity sha1-Epai1Y/UXxmg9s4B1lcB4sc1tus=

lodash.set@^4.3.2:
  version "4.3.2"
  resolved "https://registry.yarnpkg.com/lodash.set/-/lodash.set-4.3.2.tgz#d8757b1da807dde24816b0d6a84bea1a76230b23"
  integrity sha1-2HV7HagH3eJIFrDWqEvqGnYjCyM=

mime-db@1.51.0:
  version "1.51.0"
  resolved "https://registry.yarnpkg.com/mime-db/-/mime-db-1.51.0.tgz#d9ff62451859b18342d960850dc3cfb77e63fb0c"
  integrity sha512-5y8A56jg7XVQx2mbv1lu49NR4dokRnhZYTtL+KGfaa27uq4pSTXkwQkFJl4pkRMyNFz/EtYDSkiiEHx3F7UN6g==

mime-types@^2.1.12:
  version "2.1.34"
  resolved "https://registry.yarnpkg.com/mime-types/-/mime-types-2.1.34.tgz#5a712f9ec1503511a945803640fafe09d3793c24"
  integrity sha512-6cP692WwGIs9XXdOO4++N+7qjqv0rqxxVvJ3VHPh/Sc9mVZcQP+ZGhkKiTvWMQRr2tbHkJP/Yn7Y0npb3ZBs4A==
  dependencies:
    mime-db "1.51.0"

mock-socket@^9.1.2:
  version "9.1.2"
  resolved "https://registry.yarnpkg.com/mock-socket/-/mock-socket-9.1.2.tgz#cce6cf2193aada937ba41de3288c5c1922fbd571"
  integrity sha512-XKZkCnQ9ISOlTnaPg4LYYSMj7+6i78HyadYzLA5JM4465ibLdjappZD9Csnqc3Tfzep/eEK/LCJ29BTaLHoB1A==

ms@2.0.0:
  version "2.0.0"
  resolved "https://registry.yarnpkg.com/ms/-/ms-2.0.0.tgz#5608aeadfc00be6c2901df5f9861788de0d597c8"
  integrity sha1-VgiurfwAvmwpAd9fmGF4jeDVl8g=

ms@2.1.2:
  version "2.1.2"
  resolved "https://registry.yarnpkg.com/ms/-/ms-2.1.2.tgz#d09d1f357b443f493382a8eb3ccd183872ae6009"
  integrity sha512-sGkPx+VjMtmA6MX27oA4FBFELFCZZ4S4XqeGOXCv68tT+jb3vk/RyaKWP0PTKyWtmLSM0b+adUTEvbs1PEaH2w==

next-tick@^1.1.0:
  version "1.1.0"
  resolved "https://registry.yarnpkg.com/next-tick/-/next-tick-1.1.0.tgz#1836ee30ad56d67ef281b22bd199f709449b35eb"
  integrity sha512-CXdUiJembsNjuToQvxayPZF9Vqht7hewsvy2sOWafLvi2awflj9mOC6bHIg50orX8IJvWKY9wYQ/zB2kogPslQ==

nock@^13.2.4:
  version "13.2.4"
  resolved "https://registry.yarnpkg.com/nock/-/nock-13.2.4.tgz#43a309d93143ee5cdcca91358614e7bde56d20e1"
  integrity sha512-8GPznwxcPNCH/h8B+XZcKjYPXnUV5clOKCjAqyjsiqA++MpNx9E9+t8YPp0MbThO+KauRo7aZJ1WuIZmOrT2Ug==
  dependencies:
    debug "^4.1.0"
    json-stringify-safe "^5.0.1"
    lodash.set "^4.3.2"
    propagate "^2.0.0"

node-fetch@^2.6.7:
  version "2.6.7"
  resolved "https://registry.yarnpkg.com/node-fetch/-/node-fetch-2.6.7.tgz#24de9fba827e3b4ae44dc8b20256a379160052ad"
  integrity sha512-ZjMPFEfVx5j+y2yF35Kzx5sF7kDzxuDj6ziH4FFbOp87zKDZNx8yExJIb05OGF4Nlt9IHFIMBkRl41VdvcNdbQ==
  dependencies:
    whatwg-url "^5.0.0"

node-gyp-build@^4.3.0:
  version "4.3.0"
  resolved "https://registry.yarnpkg.com/node-gyp-build/-/node-gyp-build-4.3.0.tgz#9f256b03e5826150be39c764bf51e993946d71a3"
  integrity sha512-iWjXZvmboq0ja1pUGULQBexmxq8CV4xBhX7VDOTbL7ZR4FOowwY/VOtRxBN/yKxmdGoIp4j5ysNT4u3S2pDQ3Q==

propagate@^2.0.0:
  version "2.0.1"
  resolved "https://registry.yarnpkg.com/propagate/-/propagate-2.0.1.tgz#40cdedab18085c792334e64f0ac17256d38f9a45"
  integrity sha512-vGrhOavPSTz4QVNuBNdcNXePNdNMaO1xj9yBeH1ScQPjk/rhg9sSlCXPhMkFuaNNW/syTvYqsnbIJxMBfRbbag==

regenerator-runtime@^0.13.4:
  version "0.13.9"
  resolved "https://registry.yarnpkg.com/regenerator-runtime/-/regenerator-runtime-0.13.9.tgz#8925742a98ffd90814988d7566ad30ca3b263b52"
  integrity sha512-p3VT+cOEgxFsRRA9X4lkI1E+k2/CtnKtU4gcxyaCUreilL/vqI6CdZ3wxVUx3UOUg+gnUOQQcRI7BmSI656MYA==

rxjs@^7.5.4:
  version "7.5.5"
  resolved "https://registry.yarnpkg.com/rxjs/-/rxjs-7.5.5.tgz#2ebad89af0f560f460ad5cc4213219e1f7dd4e9f"
  integrity sha512-sy+H0pQofO95VDmFLzyaw9xNJU4KTRSwQIGM6+iG3SypAtCiLDzpeG8sJrNCWn2Up9km+KhkvTdbkrdy+yzZdw==
  dependencies:
    tslib "^2.1.0"

tr46@~0.0.3:
  version "0.0.3"
  resolved "https://registry.yarnpkg.com/tr46/-/tr46-0.0.3.tgz#8184fd347dac9cdc185992f3a6622e14b9d9ab6a"
  integrity sha1-gYT9NH2snNwYWZLzpmIuFLnZq2o=

tslib@^2.1.0:
  version "2.3.1"
  resolved "https://registry.yarnpkg.com/tslib/-/tslib-2.3.1.tgz#e8a335add5ceae51aa261d32a490158ef042ef01"
  integrity sha512-77EbyPPpMz+FRFRuAFlWMtmgUWGe9UOG2Z25NqCwiIjRhOf5iKGuzSe5P2w1laq+FkRy4p+PCuVkJSGkzTEKVw==

tweetnacl@1.x.x, tweetnacl@^1.0.3:
  version "1.0.3"
  resolved "https://registry.yarnpkg.com/tweetnacl/-/tweetnacl-1.0.3.tgz#ac0af71680458d8a6378d0d0d050ab1407d35596"
  integrity sha512-6rt+RN7aOi1nGMyC4Xa5DdYiukl2UWCbcJft7YhxReBGQD7OAM8Pbxw6YMo4r2diNEA8FEmu32YOn9rhaiE5yw==

type@^1.0.1:
  version "1.2.0"
  resolved "https://registry.yarnpkg.com/type/-/type-1.2.0.tgz#848dd7698dafa3e54a6c479e759c4bc3f18847a0"
  integrity sha512-+5nt5AAniqsCnu2cEQQdpzCAh33kVx8n0VoFidKpB1dVVLAN/F+bgVOqOJqOnEnrhp222clB5p3vUlD+1QAnfg==

type@^2.5.0:
  version "2.6.0"
  resolved "https://registry.yarnpkg.com/type/-/type-2.6.0.tgz#3ca6099af5981d36ca86b78442973694278a219f"
  integrity sha512-eiDBDOmkih5pMbo9OqsqPRGMljLodLcwd5XD5JbtNB0o89xZAwynY9EdCDsJU7LtcVCClu9DvM7/0Ep1hYX3EQ==

typedarray-to-buffer@^3.1.5:
  version "3.1.5"
  resolved "https://registry.yarnpkg.com/typedarray-to-buffer/-/typedarray-to-buffer-3.1.5.tgz#a97ee7a9ff42691b9f783ff1bc5112fe3fca9080"
  integrity sha512-zdu8XMNEDepKKR+XYOXAVPtWui0ly0NtohUscw+UmaHiAWT8hrV1rr//H6V+0DvJ3OQ19S979M0laLfX8rm82Q==
  dependencies:
    is-typedarray "^1.0.0"

utf-8-validate@^5.0.2:
  version "5.0.9"
  resolved "https://registry.yarnpkg.com/utf-8-validate/-/utf-8-validate-5.0.9.tgz#ba16a822fbeedff1a58918f2a6a6b36387493ea3"
  integrity sha512-Yek7dAy0v3Kl0orwMlvi7TPtiCNrdfHNd7Gcc/pLq4BLXqfAmd0J7OWMizUQnTTJsyjKn02mU7anqwfmUP4J8Q==
  dependencies:
    node-gyp-build "^4.3.0"

webidl-conversions@^3.0.0:
  version "3.0.1"
  resolved "https://registry.yarnpkg.com/webidl-conversions/-/webidl-conversions-3.0.1.tgz#24534275e2a7bc6be7bc86611cc16ae0a5654871"
  integrity sha1-JFNCdeKnvGvnvIZhHMFq4KVlSHE=

websocket@^1.0.34:
  version "1.0.34"
  resolved "https://registry.yarnpkg.com/websocket/-/websocket-1.0.34.tgz#2bdc2602c08bf2c82253b730655c0ef7dcab3111"
  integrity sha512-PRDso2sGwF6kM75QykIesBijKSVceR6jL2G8NGYyq2XrItNC2P5/qL5XeR056GhA+Ly7JMFvJb9I312mJfmqnQ==
  dependencies:
    bufferutil "^4.0.1"
    debug "^2.2.0"
    es5-ext "^0.10.50"
    typedarray-to-buffer "^3.1.5"
    utf-8-validate "^5.0.2"
    yaeti "^0.0.6"

whatwg-url@^5.0.0:
  version "5.0.0"
  resolved "https://registry.yarnpkg.com/whatwg-url/-/whatwg-url-5.0.0.tgz#966454e8765462e37644d3626f6742ce8b70965d"
  integrity sha1-lmRU6HZUYuN2RNNib2dCzotwll0=
  dependencies:
    tr46 "~0.0.3"
    webidl-conversions "^3.0.0"

yaeti@^0.0.6:
  version "0.0.6"
  resolved "https://registry.yarnpkg.com/yaeti/-/yaeti-0.0.6.tgz#f26f484d72684cf42bedfb76970aa1608fbf9577"
  integrity sha1-8m9ITXJoTPQr7ft2lwqhYI+/lXc=
